// !$*UTF8*$!
{
	archiveVersion = 1;
	classes = {
	};
	objectVersion = 45;
	objects = {

		95BA3E8C27DF78EA837D3C00 = { isa = PBXBuildFile; fileRef = DA89BF38C256F33C538D7A8E; };
		3DE75D3D04B364B5C9CFCAD3 = { isa = PBXBuildFile; fileRef = C989BA77A126B87A147BCC2F; };
		F1B382EA61590995A1352965 = { isa = PBXBuildFile; fileRef = 8A433B710BF477DE534CF18B; };
		C78768BB861EBF30C5ECFD9E = { isa = PBXBuildFile; fileRef = 394FCD039D56F41ABC0024EF; };
		4C34ABACFEF7C71697E313C5 = { isa = PBXBuildFile; fileRef = 601A0CEA135280AABEB1EE98; };
		A116092AF745C0C8021207F1 = { isa = PBXBuildFile; fileRef = 2A883A452E38439DD243D16F; };
		8803CFB53FE7FBD75AA056CB = { isa = PBXBuildFile; fileRef = 8BF4CEEB031EF91D50B25E6B; };
		1F5FE9ECA41F5DB6110A86E4 = { isa = PBXBuildFile; fileRef = E4F4DD511AC22EC3E064E584; };
		18AD8CEC06FEBA89E6C206F9 = { isa = PBXBuildFile; fileRef = AC4A6ACA1273539B268343EC; };
		50C6578E11ADA25CB7A6EC9E = { isa = PBXBuildFile; fileRef = A8A2F3AE5531E742F044302B; };
		A34CC06D1BD4F2A038015233 = { isa = PBXBuildFile; fileRef = 4FDFA33DF4EAF1E05335DA58; };
		6B1ADEEF25587FEE6CD88F49 = { isa = PBXBuildFile; fileRef = FAF5E554FDDE92AEA48760C5; };
		2C1769081A0C558D3DEB815F = { isa = PBXBuildFile; fileRef = E19158321F260DBCC2420226; };
		F3C71D0A09A497DD540BDC47 = { isa = PBXBuildFile; fileRef = AF5050D20F615DCFCD15038A; };
		CEA3AD8AC9108603D6DC72E4 = { isa = PBXBuildFile; fileRef = 6BAB6CF116BB2F62451986C7; };
		334582B865EEBE01CF794076 = { isa = PBXBuildFile; fileRef = 6C96C57F0DCC3849B66BA800; };
		0E16D0AEC2919B355DA16807 = { isa = PBXBuildFile; fileRef = 3102388D5506B14956C35A70; };
		8A012975FB5A843159C9EAB2 = { isa = PBXBuildFile; fileRef = 523216C01B812F88BC6C191E; };
		F695A5F754435FFF1BBF39A2 = { isa = PBXBuildFile; fileRef = A666AB2DB56CCDB31FD15C25; };
		4A67855A8905D96A1754F638 = { isa = PBXBuildFile; fileRef = 6DECADB3F9B7583F4E1AAE92; };
		A51D21A30E39CF89D4527B49 = { isa = PBXBuildFile; fileRef = D6CBD1C973CDEDAEB7FBFDBB; };
		B7C20D85DC432ABBA9C5788B = { isa = PBXBuildFile; fileRef = A4DEAF714BB10D7F60D583A0; };
		686B4CCA29B4E9F51214F284 = { isa = PBXBuildFile; fileRef = C23D5E4F801211DF9E964636; };
		275FC2CB4F625481F9949BD4 = { isa = PBXBuildFile; fileRef = D8E3EC7207D969A2B202662D; };
		D9A0CEA390511B32B3A30F19 = { isa = PBXBuildFile; fileRef = 88E265C2896FE65BBEAEF825; };
		0A7611657E9F39550947668A = { isa = PBXBuildFile; fileRef = 345E160AEAE2470BB7D82317; };
		61C7B929F75B8CD2FECB2C5C = { isa = PBXBuildFile; fileRef = F10B966722B78045278C9AE3; };
		682FEA626B4F5833D5883CCB = { isa = PBXBuildFile; fileRef = 189862FDE05C1319FA425AC3; };
		840D843C938CC5C3A12579BB = { isa = PBXBuildFile; fileRef = EA70D99A1C1287E391F05A90; };
		0FC2BB510E3A86FB0461CFF6 = { isa = PBXBuildFile; fileRef = F2AE30EA8E491A9382E9ADCE; };
		FB9D6B6494B7D212AB7748A4 = { isa = PBXBuildFile; fileRef = C6DD6CAF77B04D65A28F9540; };
		24DABB356BADB2C2CF492145 = { isa = PBXBuildFile; fileRef = 3E3D3457225E4584550E162B; };
		E42534BA912A085B871A3CBF = { isa = PBXBuildFile; fileRef = 85EF74DB6155D961C98F75C0; };
		9493D6E82AC776F57553EA07 = { isa = PBXBuildFile; fileRef = C707322122227D60F477C385; };
		0BDA969D031D960741E4EE1D = { isa = PBXBuildFile; fileRef = F365619867C61F2678E07A2A; };
		67BFEBCACDC2BBCAC6C95DD9 = { isa = PBXBuildFile; fileRef = 794C3CE7D0C95A5A70F2133B; };
		5810A92347C62B9D9BD06F65 = { isa = PBXBuildFile; fileRef = 1FD15C2501D15841EE0BA648; };
		056B4DDB7F767A9571EBFAAD = { isa = PBXBuildFile; fileRef = 283829B3082076590B27CCFC; };
		9E67A785EDFADE456960C6C8 = { isa = PBXBuildFile; fileRef = 74604BC6AFCAFC3E811FA681; };
		E126D8D5EF294B2AF3DE83F6 = { isa = PBXBuildFile; fileRef = 4FEB0BCB1EE0C28230FB4E39; };
		312EBC44955D218167B6F2BD = { isa = PBXBuildFile; fileRef = D8390EE579EA68952D6004C8; };
		384B71E9DCC3D4F188E6DA23 = { isa = PBXBuildFile; fileRef = 1F8BB10F0597A05DEC3C5A7E; };
		63C1595EA057B8D46F711CB1 = { isa = PBXBuildFile; fileRef = 8CD1F744FF984D4679CCF65D; };
		8D55F9878B88F10AAA78D81E = { isa = PBXBuildFile; fileRef = 532942B4C18E8AF4975EE884; };
		20EAE2A54BD3553868FC58F5 = { isa = PBXBuildFile; fileRef = 92A5C0C1A1A7C496646ABE34; };
		56C33539C3BDF6C0635C649B = { isa = PBXBuildFile; fileRef = BA0E4E08076B548487ADBC73; };
		18B70ADB364DA1027C2B94F5 = { isa = PBXBuildFile; fileRef = 972CB411F3DDECC4C1FFE37F; };
		5D3E7E715D3B0A8B5C4E3EB1 = { isa = PBXBuildFile; fileRef = 2311B4F85FE009596940D8BC; };
		86E5792D84097BD8BB61EE09 = { isa = PBXBuildFile; fileRef = 768EC2DF717E243EA4656ED3; };
		2F7E958AE5A312D60F118A82 = { isa = PBXBuildFile; fileRef = 08CFDF2439F07DFC76C0ABBA; };
		89F1A75D47974B77CDEE9BA5 = { isa = PBXBuildFile; fileRef = 1B4AF9546EB8E3E4284E2727; };
		59FB8AC3928B86C761BFA8A8 = { isa = PBXBuildFile; fileRef = 78B1151C9410885C5861B30D; };
		1161FF33BD047BFDDCD73060 = { isa = PBXBuildFile; fileRef = 73932871BF1A6C2E3226F878; };
		38CA921707A610D4F9C9719D = { isa = PBXBuildFile; fileRef = 484140FCBE78A99AE398121B; };
		793C742FD167B2DABB2831FF = { isa = PBXBuildFile; fileRef = 595411CD92718598BF5E383D; };
		566E2FF678392D12348760BF = { isa = PBXBuildFile; fileRef = 1D32C75A62E980C1C2FDDCB2; };
		08E87E0508B707AD814F2D15 = { isa = PBXBuildFile; fileRef = 3FBB2826214E2334FB2BDAB2; };
		2F0FC50D060CB6D2A2718BCD = { isa = PBXBuildFile; fileRef = 6E686CF6F29AE56A42D0CB12; };
		B76D5CBEE67D38F81713C401 = { isa = PBXBuildFile; fileRef = 7AEFAE0C5EEAA77965822ACE; };
		2210EAEA046FBFB13AE633D3 = { isa = PBXBuildFile; fileRef = 259406DDB79C3E8AEF92A63B; };
		EC4EB9FFACB5FF6303173EC4 = { isa = PBXBuildFile; fileRef = 3B66FA43BEC82099194C54D8; };
		D3A5A8AFD0D1BADA746FAC82 = { isa = PBXBuildFile; fileRef = 942E7B2E41D48EB8180E2C24; };
		096D9DB8C08A19837DC2F2B8 = { isa = PBXBuildFile; fileRef = 7555AAA03CF0439E105899A8; };
		03FE0637A61E54758FC0CF3C = { isa = PBXBuildFile; fileRef = 78F73F6C8CE543B33B019CC7; };
		7AAF5017443E60A17C538F10 = { isa = PBXBuildFile; fileRef = 00C4E097C1D4856FA6B4DAAF; };
		2BC3C8761ACCCBE3EDB638A6 = { isa = PBXBuildFile; fileRef = 4B52C31ADA58A7C94608CBF3; };
		1EB19D5916A5FDA64F21EA12 = { isa = PBXBuildFile; fileRef = 18AF5E1223699CB322A01CC3; };
		387C723AAEF608E87E0508B7 = { isa = PBXBuildFile; fileRef = 85D5FE8D0D1B97F5B5E05BA9; };
		379557F246807D11A7771276 = { isa = PBXBuildFile; fileRef = 75327DF6945AB8ED3D80F127; };
		785AA8C77B9775ED4000C7CC = { isa = PBXBuildFile; fileRef = 79FD1E0C1D8078B1DB79F30E; };
		B1E2470C12F134BEFBF21AA1 = { isa = PBXBuildFile; fileRef = 004344F060F43819AF02BAEE; };
		B1BD6133B79A77D755D20BEC = { isa = PBXBuildFile; fileRef = 443007D8471DCB1B9DD0E913; };
		982BEF1AEDEF2FFFC19B7764 = { isa = PBXBuildFile; fileRef = 82619723A5523AAD236DFA91; };
		17BD0CB20A63972607F27909 = { isa = PBXBuildFile; fileRef = F86B29C8283B90AE70A5A9B0; };
		06A708112332FF88983A0C4F = { isa = PBXBuildFile; fileRef = 972BCBC474E7594E1358F581; };
		653BA961321CF6ED953DBDA9 = { isa = PBXBuildFile; fileRef = 7D3E55D17B7D43F1AB33BF2F; };
		CFA973B7FE0E1640D8CE1CBD = { isa = PBXBuildFile; fileRef = 51FFCF017957DD13BAC0D75E; };
		CCFEF9F5DA866711672661EA = { isa = PBXBuildFile; fileRef = 19E1FE047D8303A2FAABCF26; };
		A8EE5D424D31FBB7D2FD541F = { isa = PBXBuildFile; fileRef = 9F6B278BDF653D58B6B7F045; };
		AAEF73858505E9C2DB9BFDDD = { isa = PBXBuildFile; fileRef = AC1A650C71C85289B6F21B8F; };
		B903EBFB8D0E8038D8875319 = { isa = PBXBuildFile; fileRef = 673490B405CDDFEAA5A85F8B; };
		ECDF382B92B41ED101317D5E = { isa = PBXBuildFile; fileRef = A20082A7A8FBBAEC6AEB9A67; };
		25ABE572196882C352491F2F = { isa = PBXBuildFile; fileRef = BB8AA4C2A6DD3BC6EE1C5E16; };
		DA25CB7A6EC9E2DA6AFEE700 = { isa = PBXBuildFile; fileRef = 72D7192236F343ADACB6B6D5; };
		ED374D055524994CBA7909A3 = { isa = PBXBuildFile; fileRef = B1F258A7607803640F56F4E5; };
		58D01F89F681D1D48EA1567D = { isa = PBXBuildFile; fileRef = BB933CA079DA014C1F7AF686; };
		74D06120DF51062FD2378776 = { isa = PBXBuildFile; fileRef = F96A88BD613522B3987E2D67; };
		7ED6DEA20EF9AA9B1F414259 = { isa = PBXBuildFile; fileRef = 235055B0594066535CFE84D7; };
		28148A17687ABF20F246785F = { isa = PBXBuildFile; fileRef = E73EBBD9EF8D94598E4A9B7E; };
		A14F3C8D5D751C472428EAB6 = { isa = PBXBuildFile; fileRef = 8F407ED4075635795D5747F5; };
		509FB6478374D4D98DC79523 = { isa = PBXBuildFile; fileRef = 939418AECEA2AAD9ED6D5FDC; };
		BC258616BDAACB8A16863AEA = { isa = PBXBuildFile; fileRef = A04D059FC72A5E86172768B3; };
		24DB4EBB5AC5C6964BA73ECF = { isa = PBXBuildFile; fileRef = A823A5F7471AA020496F62EF; };
		61C5B10123710440D037BA6B = { isa = PBXBuildFile; fileRef = ED4485581AE5524BD831272D; };
		8C8EF5F1B31CD2BD2443F5F0 = { isa = PBXBuildFile; fileRef = 6BAB324E859953C427557146; };
		AFD90C382871438C9B2526BE = { isa = PBXBuildFile; fileRef = 01B15D0C109C40606728BB77; };
		C02C49FCD0CC569E489058CB = { isa = PBXBuildFile; fileRef = 8F9E235785AA76B5286DE05A; };
		F9DC76BE825C10A0460824C1 = { isa = PBXBuildFile; fileRef = D641415BAEDB629018E8EF6E; };
		7E97C22274C16FBA1EEEB24C = { isa = PBXBuildFile; fileRef = C31D0F94D3029871E21D6EA7; };
		ED4397EE973B01B63A66FFA5 = { isa = PBXBuildFile; fileRef = 93BF2BCB183C30ABB83AB74A; };
		DA89BF38C256F33C538D7A8E = { isa = PBXFileReference; lastKnownFileType = wrapper.framework; name = AudioToolbox.framework; path = System/Library/Frameworks/AudioToolbox.framework; sourceTree = SDKROOT; };
		C989BA77A126B87A147BCC2F = { isa = PBXFileReference; lastKnownFileType = wrapper.framework; name = Carbon.framework; path = System/Library/Frameworks/Carbon.framework; sourceTree = SDKROOT; };
		8A433B710BF477DE534CF18B = { isa = PBXFileReference; lastKnownFileType = wrapper.framework; name = Cocoa.framework; path = System/Library/Frameworks/Cocoa.framework; sourceTree = SDKROOT; };
		394FCD039D56F41ABC0024EF = { isa = PBXFileReference; lastKnownFileType = wrapper.framework; name = CoreAudio.framework; path = System/Library/Frameworks/CoreAudio.framework; sourceTree = SDKROOT; };
		601A0CEA135280AABEB1EE98 = { isa = PBXFileReference; lastKnownFileType = wrapper.framework; name = CoreMIDI.framework; path = System/Library/Frameworks/CoreMIDI.framework; sourceTree = SDKROOT; };
		2A883A452E38439DD243D16F = { isa = PBXFileReference; lastKnownFileType = wrapper.framework; name = DiscRecording.framework; path = System/Library/Frameworks/DiscRecording.framework; sourceTree = SDKROOT; };
		8BF4CEEB031EF91D50B25E6B = { isa = PBXFileReference; lastKnownFileType = wrapper.framework; name = IOKit.framework; path = System/Library/Frameworks/IOKit.framework; sourceTree = SDKROOT; };
		E4F4DD511AC22EC3E064E584 = { isa = PBXFileReference; lastKnownFileType = wrapper.framework; name = OpenGL.framework; path = System/Library/Frameworks/OpenGL.framework; sourceTree = SDKROOT; };
		AC4A6ACA1273539B268343EC = { isa = PBXFileReference; lastKnownFileType = wrapper.framework; name = QTKit.framework; path = System/Library/Frameworks/QTKit.framework; sourceTree = SDKROOT; };
		A8A2F3AE5531E742F044302B = { isa = PBXFileReference; lastKnownFileType = wrapper.framework; name = QuartzCore.framework; path = System/Library/Frameworks/QuartzCore.framework; sourceTree = SDKROOT; };
		4FDFA33DF4EAF1E05335DA58 = { isa = PBXFileReference; lastKnownFileType = wrapper.framework; name = QuickTime.framework; path = System/Library/Frameworks/QuickTime.framework; sourceTree = SDKROOT; };
		FAF5E554FDDE92AEA48760C5 = { isa = PBXFileReference; lastKnownFileType = wrapper.framework; name = WebKit.framework; path = System/Library/Frameworks/WebKit.framework; sourceTree = SDKROOT; };
		87C5F902F5AF6EF45EC5B9EE = { isa = PBXFileReference; explicitFileType = "compiled.mach-o.executable"; includeInIndex = 0; path = SlowBurn; sourceTree = "BUILT_PRODUCTS_DIR"; };
		E19158321F260DBCC2420226 = { isa = PBXFileReference; lastKnownFileType = sourcecode.cpp.cpp; name = Address.cpp; path = ../../../../src/rec/data/Address.cpp; sourceTree = "SOURCE_ROOT"; };
		306996540D2F52FAD0685FD9 = { isa = PBXFileReference; lastKnownFileType = sourcecode.c.h; name = Address.h; path = ../../../../src/rec/data/Address.h; sourceTree = "SOURCE_ROOT"; };
		061CC99E25656F0F69B933BD = { isa = PBXFileReference; lastKnownFileType = sourcecode.c.h; name = AddressListener.h; path = ../../../../src/rec/data/AddressListener.h; sourceTree = "SOURCE_ROOT"; };
		AF5050D20F615DCFCD15038A = { isa = PBXFileReference; lastKnownFileType = sourcecode.cpp.cpp; name = Data.cpp; path = ../../../../src/rec/data/Data.cpp; sourceTree = "SOURCE_ROOT"; };
		F0AA4D42B00AEBFD15907403 = { isa = PBXFileReference; lastKnownFileType = sourcecode.c.h; name = Data.h; path = ../../../../src/rec/data/Data.h; sourceTree = "SOURCE_ROOT"; };
		6BAB6CF116BB2F62451986C7 = { isa = PBXFileReference; lastKnownFileType = sourcecode.cpp.cpp; name = DataCenter.cpp; path = ../../../../src/rec/data/DataCenter.cpp; sourceTree = "SOURCE_ROOT"; };
		05F8C4315B5F118DECAE7684 = { isa = PBXFileReference; lastKnownFileType = sourcecode.c.h; name = DataCenter.h; path = ../../../../src/rec/data/DataCenter.h; sourceTree = "SOURCE_ROOT"; };
		6C96C57F0DCC3849B66BA800 = { isa = PBXFileReference; lastKnownFileType = sourcecode.cpp.cpp; name = DataImpl.cpp; path = ../../../../src/rec/data/DataImpl.cpp; sourceTree = "SOURCE_ROOT"; };
		F27F35AA197717AF01C367C5 = { isa = PBXFileReference; lastKnownFileType = sourcecode.c.h; name = DataImpl.h; path = ../../../../src/rec/data/DataImpl.h; sourceTree = "SOURCE_ROOT"; };
		46FB83A0D12DE0D8B7F20F4C = { isa = PBXFileReference; lastKnownFileType = sourcecode.c.h; name = DataListener.h; path = ../../../../src/rec/data/DataListener.h; sourceTree = "SOURCE_ROOT"; };
		0460DD85363BD4E9FBF1B494 = { isa = PBXFileReference; lastKnownFileType = sourcecode.c.h; name = DataMaker.h; path = ../../../../src/rec/data/DataMaker.h; sourceTree = "SOURCE_ROOT"; };
		1D7290AE88C353DB2AE523F9 = { isa = PBXFileReference; lastKnownFileType = sourcecode.c.h; name = DataMakerImpl.h; path = ../../../../src/rec/data/DataMakerImpl.h; sourceTree = "SOURCE_ROOT"; };
		3102388D5506B14956C35A70 = { isa = PBXFileReference; lastKnownFileType = sourcecode.cpp.cpp; name = DataMap.cpp; path = ../../../../src/rec/data/DataMap.cpp; sourceTree = "SOURCE_ROOT"; };
		0A9E1FEEECBF2F9357169661 = { isa = PBXFileReference; lastKnownFileType = sourcecode.c.h; name = DataMap.h; path = ../../../../src/rec/data/DataMap.h; sourceTree = "SOURCE_ROOT"; };
		523216C01B812F88BC6C191E = { isa = PBXFileReference; lastKnownFileType = sourcecode.cpp.cpp; name = DataMapImpl.cpp; path = ../../../../src/rec/data/DataMapImpl.cpp; sourceTree = "SOURCE_ROOT"; };
		EA5681EBF53B12CE5DD13AD9 = { isa = PBXFileReference; lastKnownFileType = sourcecode.c.h; name = DataMapImpl.h; path = ../../../../src/rec/data/DataMapImpl.h; sourceTree = "SOURCE_ROOT"; };
		A666AB2DB56CCDB31FD15C25 = { isa = PBXFileReference; lastKnownFileType = sourcecode.cpp.cpp; name = DataOps.cpp; path = ../../../../src/rec/data/DataOps.cpp; sourceTree = "SOURCE_ROOT"; };
		41006F544CC11AF420C559BC = { isa = PBXFileReference; lastKnownFileType = sourcecode.c.h; name = DataOps.h; path = ../../../../src/rec/data/DataOps.h; sourceTree = "SOURCE_ROOT"; };
		6DECADB3F9B7583F4E1AAE92 = { isa = PBXFileReference; lastKnownFileType = sourcecode.cpp.cpp; name = DataUpdater.cpp; path = ../../../../src/rec/data/DataUpdater.cpp; sourceTree = "SOURCE_ROOT"; };
		D99172FE59D80851A0A392EF = { isa = PBXFileReference; lastKnownFileType = sourcecode.c.h; name = DataUpdater.h; path = ../../../../src/rec/data/DataUpdater.h; sourceTree = "SOURCE_ROOT"; };
		4EFD64E4517C63D1D001A1F3 = { isa = PBXFileReference; lastKnownFileType = sourcecode.c.h; name = MessageMaker.h; path = ../../../../src/rec/data/MessageMaker.h; sourceTree = "SOURCE_ROOT"; };
		80F37C7610168F3C705FC5F8 = { isa = PBXFileReference; lastKnownFileType = sourcecode.c.h; name = MessageRegistry.h; path = ../../../../src/rec/data/MessageRegistry.h; sourceTree = "SOURCE_ROOT"; };
		D6CBD1C973CDEDAEB7FBFDBB = { isa = PBXFileReference; lastKnownFileType = sourcecode.cpp.cpp; name = MessageRegistryAndMaker.cpp; path = ../../../../src/rec/data/MessageRegistryAndMaker.cpp; sourceTree = "SOURCE_ROOT"; };
		C71C6E650A56B43FA8FF97E5 = { isa = PBXFileReference; lastKnownFileType = sourcecode.c.h; name = MessageRegistryAndMaker.h; path = ../../../../src/rec/data/MessageRegistryAndMaker.h; sourceTree = "SOURCE_ROOT"; };
		940674DAA6D7A6AEB8D3EF01 = { isa = PBXFileReference; lastKnownFileType = sourcecode.c.h; name = Opener.h; path = ../../../../src/rec/data/Opener.h; sourceTree = "SOURCE_ROOT"; };
		DB04452DC50DD31177FB6398 = { isa = PBXFileReference; lastKnownFileType = sourcecode.c.h; name = Comparer.h; path = ../../../../src/rec/data/proto/Comparer.h; sourceTree = "SOURCE_ROOT"; };
		A4DEAF714BB10D7F60D583A0 = { isa = PBXFileReference; lastKnownFileType = sourcecode.cpp.cpp; name = Equals.cpp; path = ../../../../src/rec/data/proto/Equals.cpp; sourceTree = "SOURCE_ROOT"; };
		DB5C0EC7F3D81D1ECAC5B818 = { isa = PBXFileReference; lastKnownFileType = sourcecode.c.h; name = Equals.h; path = ../../../../src/rec/data/proto/Equals.h; sourceTree = "SOURCE_ROOT"; };
		C23D5E4F801211DF9E964636 = { isa = PBXFileReference; lastKnownFileType = sourcecode.cpp.cpp; name = "Equals_test.cpp"; path = "../../../../src/rec/data/proto/Equals_test.cpp"; sourceTree = "SOURCE_ROOT"; };
		D8E3EC7207D969A2B202662D = { isa = PBXFileReference; lastKnownFileType = sourcecode.cpp.cpp; name = Field.cpp; path = ../../../../src/rec/data/proto/Field.cpp; sourceTree = "SOURCE_ROOT"; };
		02BB89308CDB2C5FD0E1FC9A = { isa = PBXFileReference; lastKnownFileType = sourcecode.c.h; name = Field.h; path = ../../../../src/rec/data/proto/Field.h; sourceTree = "SOURCE_ROOT"; };
		88E265C2896FE65BBEAEF825 = { isa = PBXFileReference; lastKnownFileType = sourcecode.cpp.cpp; name = FieldOps.cpp; path = ../../../../src/rec/data/proto/FieldOps.cpp; sourceTree = "SOURCE_ROOT"; };
		6BA0E9E6D2A97AE9BF6DBD3F = { isa = PBXFileReference; lastKnownFileType = sourcecode.c.h; name = FieldOps.h; path = ../../../../src/rec/data/proto/FieldOps.h; sourceTree = "SOURCE_ROOT"; };
		0EAAAAEA1AE6320075FC1F8A = { isa = PBXFileReference; lastKnownFileType = sourcecode.c.h; name = GetProtoName.h; path = ../../../../src/rec/data/proto/GetProtoName.h; sourceTree = "SOURCE_ROOT"; };
		345E160AEAE2470BB7D82317 = { isa = PBXFileReference; lastKnownFileType = sourcecode.cpp.cpp; name = MessageField.cpp; path = ../../../../src/rec/data/proto/MessageField.cpp; sourceTree = "SOURCE_ROOT"; };
		67A697747734F4E4C2EB906E = { isa = PBXFileReference; lastKnownFileType = sourcecode.c.h; name = MessageField.h; path = ../../../../src/rec/data/proto/MessageField.h; sourceTree = "SOURCE_ROOT"; };
		031B5DCA703545523EC535DA = { isa = PBXFileReference; lastKnownFileType = sourcecode.c.h; name = NameToProto.h; path = ../../../../src/rec/data/proto/NameToProto.h; sourceTree = "SOURCE_ROOT"; };
		F10B966722B78045278C9AE3 = { isa = PBXFileReference; lastKnownFileType = sourcecode.cpp.cpp; name = "Proto_test.cpp"; path = "../../../../src/rec/data/proto/Proto_test.cpp"; sourceTree = "SOURCE_ROOT"; };
		189862FDE05C1319FA425AC3 = { isa = PBXFileReference; lastKnownFileType = sourcecode.cpp.cpp; name = TypedOperations.cpp; path = ../../../../src/rec/data/proto/TypedOperations.cpp; sourceTree = "SOURCE_ROOT"; };
		59E1E361F570FB9D2EC06D3E = { isa = PBXFileReference; lastKnownFileType = sourcecode.c.h; name = TypedOperations.h; path = ../../../../src/rec/data/proto/TypedOperations.h; sourceTree = "SOURCE_ROOT"; };
		EA70D99A1C1287E391F05A90 = { isa = PBXFileReference; lastKnownFileType = sourcecode.cpp.cpp; name = TypedTyper.cpp; path = ../../../../src/rec/data/proto/TypedTyper.cpp; sourceTree = "SOURCE_ROOT"; };
		260490D9CBF4AB3AD2E0EDA7 = { isa = PBXFileReference; lastKnownFileType = sourcecode.c.h; name = TypedTyper.h; path = ../../../../src/rec/data/proto/TypedTyper.h; sourceTree = "SOURCE_ROOT"; };
		9DF47A2A41F9534AC7E2EBC9 = { isa = PBXFileReference; lastKnownFileType = sourcecode.c.h; name = Typer.h; path = ../../../../src/rec/data/proto/Typer.h; sourceTree = "SOURCE_ROOT"; };
		E0CE3F2FD4A1456EFC505BB4 = { isa = PBXFileReference; lastKnownFileType = sourcecode.c.h; name = Types.h; path = ../../../../src/rec/data/proto/Types.h; sourceTree = "SOURCE_ROOT"; };
		F2AE30EA8E491A9382E9ADCE = { isa = PBXFileReference; lastKnownFileType = sourcecode.cpp.cpp; name = UndoStack.cpp; path = ../../../../src/rec/data/UndoStack.cpp; sourceTree = "SOURCE_ROOT"; };
		7D7B9F2C80B7DF52124FD2C5 = { isa = PBXFileReference; lastKnownFileType = sourcecode.c.h; name = UndoStack.h; path = ../../../../src/rec/data/UndoStack.h; sourceTree = "SOURCE_ROOT"; };
		C6DD6CAF77B04D65A28F9540 = { isa = PBXFileReference; lastKnownFileType = sourcecode.cpp.cpp; name = UntypedDataListener.cpp; path = ../../../../src/rec/data/UntypedDataListener.cpp; sourceTree = "SOURCE_ROOT"; };
		3EB2EE772D5D77D82081FC92 = { isa = PBXFileReference; lastKnownFileType = sourcecode.c.h; name = UntypedDataListener.h; path = ../../../../src/rec/data/UntypedDataListener.h; sourceTree = "SOURCE_ROOT"; };
		3E3D3457225E4584550E162B = { isa = PBXFileReference; lastKnownFileType = sourcecode.cpp.cpp; name = Value.cpp; path = ../../../../src/rec/data/Value.cpp; sourceTree = "SOURCE_ROOT"; };
		1914D64C56BD4383BC8A6C44 = { isa = PBXFileReference; lastKnownFileType = sourcecode.c.h; name = Value.h; path = ../../../../src/rec/data/Value.h; sourceTree = "SOURCE_ROOT"; };
		C4CAE3D492075E9CB7A10B98 = { isa = PBXFileReference; lastKnownFileType = sourcecode.c.h; name = aliasmanager.h; path = "../../../../src/rec/data/yaml/include/yaml-cpp/aliasmanager.h"; sourceTree = "SOURCE_ROOT"; };
		56505F00DFAC8140983DFB3F = { isa = PBXFileReference; lastKnownFileType = sourcecode.c.h; name = anchor.h; path = "../../../../src/rec/data/yaml/include/yaml-cpp/anchor.h"; sourceTree = "SOURCE_ROOT"; };
		7665593C03C6666B30051DC9 = { isa = PBXFileReference; lastKnownFileType = sourcecode.c.h; name = conversion.h; path = "../../../../src/rec/data/yaml/include/yaml-cpp/conversion.h"; sourceTree = "SOURCE_ROOT"; };
		54B2E0C215B11A452D75B8B0 = { isa = PBXFileReference; lastKnownFileType = sourcecode.c.h; name = emitfromevents.h; path = "../../../../src/rec/data/yaml/include/yaml-cpp/emitfromevents.h"; sourceTree = "SOURCE_ROOT"; };
		02AF30475AC4B3D550F50789 = { isa = PBXFileReference; lastKnownFileType = sourcecode.c.h; name = emitter.h; path = "../../../../src/rec/data/yaml/include/yaml-cpp/emitter.h"; sourceTree = "SOURCE_ROOT"; };
		46D7FE8E0392C4B919B7E003 = { isa = PBXFileReference; lastKnownFileType = sourcecode.c.h; name = emittermanip.h; path = "../../../../src/rec/data/yaml/include/yaml-cpp/emittermanip.h"; sourceTree = "SOURCE_ROOT"; };
		ECB151293E0D6EBE8F6855AB = { isa = PBXFileReference; lastKnownFileType = sourcecode.c.h; name = eventhandler.h; path = "../../../../src/rec/data/yaml/include/yaml-cpp/eventhandler.h"; sourceTree = "SOURCE_ROOT"; };
		FB268E4D9A1D1548CF342681 = { isa = PBXFileReference; lastKnownFileType = sourcecode.c.h; name = exceptions.h; path = "../../../../src/rec/data/yaml/include/yaml-cpp/exceptions.h"; sourceTree = "SOURCE_ROOT"; };
		D4906FCCA8ECDF382B92B41E = { isa = PBXFileReference; lastKnownFileType = sourcecode.c.h; name = iterator.h; path = "../../../../src/rec/data/yaml/include/yaml-cpp/iterator.h"; sourceTree = "SOURCE_ROOT"; };
		271BF921FB87BDFF9F0E16DF = { isa = PBXFileReference; lastKnownFileType = sourcecode.c.h; name = mark.h; path = "../../../../src/rec/data/yaml/include/yaml-cpp/mark.h"; sourceTree = "SOURCE_ROOT"; };
		8E1A981BACFF7892B8382831 = { isa = PBXFileReference; lastKnownFileType = sourcecode.c.h; name = node.h; path = "../../../../src/rec/data/yaml/include/yaml-cpp/node.h"; sourceTree = "SOURCE_ROOT"; };
		642468D541F391C926E83FCD = { isa = PBXFileReference; lastKnownFileType = sourcecode.c.h; name = nodeimpl.h; path = "../../../../src/rec/data/yaml/include/yaml-cpp/nodeimpl.h"; sourceTree = "SOURCE_ROOT"; };
		FDB1648E361C1398395481EA = { isa = PBXFileReference; lastKnownFileType = sourcecode.c.h; name = nodeproperties.h; path = "../../../../src/rec/data/yaml/include/yaml-cpp/nodeproperties.h"; sourceTree = "SOURCE_ROOT"; };
		7355C06C46DDEBB27C3C51DF = { isa = PBXFileReference; lastKnownFileType = sourcecode.c.h; name = nodereadimpl.h; path = "../../../../src/rec/data/yaml/include/yaml-cpp/nodereadimpl.h"; sourceTree = "SOURCE_ROOT"; };
		53D4AE46CFFB927F5BAE6BDC = { isa = PBXFileReference; lastKnownFileType = sourcecode.c.h; name = nodeutil.h; path = "../../../../src/rec/data/yaml/include/yaml-cpp/nodeutil.h"; sourceTree = "SOURCE_ROOT"; };
		ABC0A8600D9999A37E5335CD = { isa = PBXFileReference; lastKnownFileType = sourcecode.c.h; name = noncopyable.h; path = "../../../../src/rec/data/yaml/include/yaml-cpp/noncopyable.h"; sourceTree = "SOURCE_ROOT"; };
		E8A76B365C2F37DA8A5FE860 = { isa = PBXFileReference; lastKnownFileType = sourcecode.c.h; name = null.h; path = "../../../../src/rec/data/yaml/include/yaml-cpp/null.h"; sourceTree = "SOURCE_ROOT"; };
		E91DD63C2944704FB24D1543 = { isa = PBXFileReference; lastKnownFileType = sourcecode.c.h; name = ostream.h; path = "../../../../src/rec/data/yaml/include/yaml-cpp/ostream.h"; sourceTree = "SOURCE_ROOT"; };
		F774C2D5C72BC1CCD2E84499 = { isa = PBXFileReference; lastKnownFileType = sourcecode.c.h; name = parser.h; path = "../../../../src/rec/data/yaml/include/yaml-cpp/parser.h"; sourceTree = "SOURCE_ROOT"; };
		47E465DDF8C94ECB3CF023B4 = { isa = PBXFileReference; lastKnownFileType = sourcecode.c.h; name = stlemitter.h; path = "../../../../src/rec/data/yaml/include/yaml-cpp/stlemitter.h"; sourceTree = "SOURCE_ROOT"; };
		9DA96D2341F1FE689C402162 = { isa = PBXFileReference; lastKnownFileType = sourcecode.c.h; name = stlnode.h; path = "../../../../src/rec/data/yaml/include/yaml-cpp/stlnode.h"; sourceTree = "SOURCE_ROOT"; };
		896043EFE75667820151A9A9 = { isa = PBXFileReference; lastKnownFileType = sourcecode.c.h; name = traits.h; path = "../../../../src/rec/data/yaml/include/yaml-cpp/traits.h"; sourceTree = "SOURCE_ROOT"; };
		F3264519DC9FD455788DFA1E = { isa = PBXFileReference; lastKnownFileType = sourcecode.c.h; name = yaml.h; path = "../../../../src/rec/data/yaml/include/yaml-cpp/yaml.h"; sourceTree = "SOURCE_ROOT"; };
		93D59B968ECE8608A83355B1 = { isa = PBXFileReference; lastKnownFileType = sourcecode.c.h; name = Internal.h; path = ../../../../src/rec/data/yaml/Internal.h; sourceTree = "SOURCE_ROOT"; };
		85EF74DB6155D961C98F75C0 = { isa = PBXFileReference; lastKnownFileType = sourcecode.cpp.cpp; name = ReadYaml.cpp; path = ../../../../src/rec/data/yaml/ReadYaml.cpp; sourceTree = "SOURCE_ROOT"; };
		C707322122227D60F477C385 = { isa = PBXFileReference; lastKnownFileType = sourcecode.cpp.cpp; name = aliascontent.cpp; path = ../../../../src/rec/data/yaml/src/aliascontent.cpp; sourceTree = "SOURCE_ROOT"; };
		645F1C1709F5519163165674 = { isa = PBXFileReference; lastKnownFileType = sourcecode.c.h; name = aliascontent.h; path = ../../../../src/rec/data/yaml/src/aliascontent.h; sourceTree = "SOURCE_ROOT"; };
		F365619867C61F2678E07A2A = { isa = PBXFileReference; lastKnownFileType = sourcecode.cpp.cpp; name = aliasmanager.cpp; path = ../../../../src/rec/data/yaml/src/aliasmanager.cpp; sourceTree = "SOURCE_ROOT"; };
		C9323128FF351A88A5954B43 = { isa = PBXFileReference; lastKnownFileType = sourcecode.c.h; name = collectionstack.h; path = ../../../../src/rec/data/yaml/src/collectionstack.h; sourceTree = "SOURCE_ROOT"; };
		794C3CE7D0C95A5A70F2133B = { isa = PBXFileReference; lastKnownFileType = sourcecode.cpp.cpp; name = content.cpp; path = ../../../../src/rec/data/yaml/src/content.cpp; sourceTree = "SOURCE_ROOT"; };
		FE7C87DE65AB727CB51F2D36 = { isa = PBXFileReference; lastKnownFileType = sourcecode.c.h; name = content.h; path = ../../../../src/rec/data/yaml/src/content.h; sourceTree = "SOURCE_ROOT"; };
		1FD15C2501D15841EE0BA648 = { isa = PBXFileReference; lastKnownFileType = sourcecode.cpp.cpp; name = conversion.cpp; path = ../../../../src/rec/data/yaml/src/conversion.cpp; sourceTree = "SOURCE_ROOT"; };
		283829B3082076590B27CCFC = { isa = PBXFileReference; lastKnownFileType = sourcecode.cpp.cpp; name = directives.cpp; path = ../../../../src/rec/data/yaml/src/directives.cpp; sourceTree = "SOURCE_ROOT"; };
		93EBC98B0C17E082E5E5CF66 = { isa = PBXFileReference; lastKnownFileType = sourcecode.c.h; name = directives.h; path = ../../../../src/rec/data/yaml/src/directives.h; sourceTree = "SOURCE_ROOT"; };
		74604BC6AFCAFC3E811FA681 = { isa = PBXFileReference; lastKnownFileType = sourcecode.cpp.cpp; name = emitfromevents.cpp; path = ../../../../src/rec/data/yaml/src/emitfromevents.cpp; sourceTree = "SOURCE_ROOT"; };
		4FEB0BCB1EE0C28230FB4E39 = { isa = PBXFileReference; lastKnownFileType = sourcecode.cpp.cpp; name = emitter.cpp; path = ../../../../src/rec/data/yaml/src/emitter.cpp; sourceTree = "SOURCE_ROOT"; };
		D8390EE579EA68952D6004C8 = { isa = PBXFileReference; lastKnownFileType = sourcecode.cpp.cpp; name = emitterstate.cpp; path = ../../../../src/rec/data/yaml/src/emitterstate.cpp; sourceTree = "SOURCE_ROOT"; };
		73CEF1FAD005F3A83DA79112 = { isa = PBXFileReference; lastKnownFileType = sourcecode.c.h; name = emitterstate.h; path = ../../../../src/rec/data/yaml/src/emitterstate.h; sourceTree = "SOURCE_ROOT"; };
		1F8BB10F0597A05DEC3C5A7E = { isa = PBXFileReference; lastKnownFileType = sourcecode.cpp.cpp; name = emitterutils.cpp; path = ../../../../src/rec/data/yaml/src/emitterutils.cpp; sourceTree = "SOURCE_ROOT"; };
		4CCBFD4FD6D238116FC2EAE8 = { isa = PBXFileReference; lastKnownFileType = sourcecode.c.h; name = emitterutils.h; path = ../../../../src/rec/data/yaml/src/emitterutils.h; sourceTree = "SOURCE_ROOT"; };
		8CD1F744FF984D4679CCF65D = { isa = PBXFileReference; lastKnownFileType = sourcecode.cpp.cpp; name = exp.cpp; path = ../../../../src/rec/data/yaml/src/exp.cpp; sourceTree = "SOURCE_ROOT"; };
		09ECA1CC4C8F831607E2CA73 = { isa = PBXFileReference; lastKnownFileType = sourcecode.c.h; name = exp.h; path = ../../../../src/rec/data/yaml/src/exp.h; sourceTree = "SOURCE_ROOT"; };
		EC1A8D55399C894E02339958 = { isa = PBXFileReference; lastKnownFileType = sourcecode.c.h; name = indentation.h; path = ../../../../src/rec/data/yaml/src/indentation.h; sourceTree = "SOURCE_ROOT"; };
		532942B4C18E8AF4975EE884 = { isa = PBXFileReference; lastKnownFileType = sourcecode.cpp.cpp; name = iterator.cpp; path = ../../../../src/rec/data/yaml/src/iterator.cpp; sourceTree = "SOURCE_ROOT"; };
		5E25F333F88F4A4811F3480F = { isa = PBXFileReference; lastKnownFileType = sourcecode.c.h; name = iterpriv.h; path = ../../../../src/rec/data/yaml/src/iterpriv.h; sourceTree = "SOURCE_ROOT"; };
		CBE8727CF41E8DD0D96A9A95 = { isa = PBXFileReference; lastKnownFileType = sourcecode.c.h; name = ltnode.h; path = ../../../../src/rec/data/yaml/src/ltnode.h; sourceTree = "SOURCE_ROOT"; };
		92A5C0C1A1A7C496646ABE34 = { isa = PBXFileReference; lastKnownFileType = sourcecode.cpp.cpp; name = map.cpp; path = ../../../../src/rec/data/yaml/src/map.cpp; sourceTree = "SOURCE_ROOT"; };
		5A91B1E4E7ACB0F61AD24E03 = { isa = PBXFileReference; lastKnownFileType = sourcecode.c.h; name = map.h; path = ../../../../src/rec/data/yaml/src/map.h; sourceTree = "SOURCE_ROOT"; };
		BA0E4E08076B548487ADBC73 = { isa = PBXFileReference; lastKnownFileType = sourcecode.cpp.cpp; name = node.cpp; path = ../../../../src/rec/data/yaml/src/node.cpp; sourceTree = "SOURCE_ROOT"; };
		972CB411F3DDECC4C1FFE37F = { isa = PBXFileReference; lastKnownFileType = sourcecode.cpp.cpp; name = nodebuilder.cpp; path = ../../../../src/rec/data/yaml/src/nodebuilder.cpp; sourceTree = "SOURCE_ROOT"; };
		6A9E7C2BFC6E0E3AAEF3580C = { isa = PBXFileReference; lastKnownFileType = sourcecode.c.h; name = nodebuilder.h; path = ../../../../src/rec/data/yaml/src/nodebuilder.h; sourceTree = "SOURCE_ROOT"; };
		2311B4F85FE009596940D8BC = { isa = PBXFileReference; lastKnownFileType = sourcecode.cpp.cpp; name = null.cpp; path = ../../../../src/rec/data/yaml/src/null.cpp; sourceTree = "SOURCE_ROOT"; };
		768EC2DF717E243EA4656ED3 = { isa = PBXFileReference; lastKnownFileType = sourcecode.cpp.cpp; name = ostream.cpp; path = ../../../../src/rec/data/yaml/src/ostream.cpp; sourceTree = "SOURCE_ROOT"; };
		08CFDF2439F07DFC76C0ABBA = { isa = PBXFileReference; lastKnownFileType = sourcecode.cpp.cpp; name = parser.cpp; path = ../../../../src/rec/data/yaml/src/parser.cpp; sourceTree = "SOURCE_ROOT"; };
		1B4AF9546EB8E3E4284E2727 = { isa = PBXFileReference; lastKnownFileType = sourcecode.cpp.cpp; name = parserstate.cpp; path = ../../../../src/rec/data/yaml/src/parserstate.cpp; sourceTree = "SOURCE_ROOT"; };
		66830A933BF39F7D3E949B50 = { isa = PBXFileReference; lastKnownFileType = sourcecode.c.h; name = parserstate.h; path = ../../../../src/rec/data/yaml/src/parserstate.h; sourceTree = "SOURCE_ROOT"; };
		EAE8CC22ED01A22B356FD069 = { isa = PBXFileReference; lastKnownFileType = sourcecode.c.h; name = "ptr_stack.h"; path = "../../../../src/rec/data/yaml/src/ptr_stack.h"; sourceTree = "SOURCE_ROOT"; };
		78B1151C9410885C5861B30D = { isa = PBXFileReference; lastKnownFileType = sourcecode.cpp.cpp; name = regex.cpp; path = ../../../../src/rec/data/yaml/src/regex.cpp; sourceTree = "SOURCE_ROOT"; };
		A403F01CF351F7442E082EAF = { isa = PBXFileReference; lastKnownFileType = sourcecode.c.h; name = regex.h; path = ../../../../src/rec/data/yaml/src/regex.h; sourceTree = "SOURCE_ROOT"; };
		997F253302C4D2F96112E0AC = { isa = PBXFileReference; lastKnownFileType = sourcecode.c.h; name = regeximpl.h; path = ../../../../src/rec/data/yaml/src/regeximpl.h; sourceTree = "SOURCE_ROOT"; };
		73932871BF1A6C2E3226F878 = { isa = PBXFileReference; lastKnownFileType = sourcecode.cpp.cpp; name = scalar.cpp; path = ../../../../src/rec/data/yaml/src/scalar.cpp; sourceTree = "SOURCE_ROOT"; };
		18C747C1E7871B9428F1EA06 = { isa = PBXFileReference; lastKnownFileType = sourcecode.c.h; name = scalar.h; path = ../../../../src/rec/data/yaml/src/scalar.h; sourceTree = "SOURCE_ROOT"; };
		484140FCBE78A99AE398121B = { isa = PBXFileReference; lastKnownFileType = sourcecode.cpp.cpp; name = scanner.cpp; path = ../../../../src/rec/data/yaml/src/scanner.cpp; sourceTree = "SOURCE_ROOT"; };
		5ADB4CAE72D0BDD3F75BA7A0 = { isa = PBXFileReference; lastKnownFileType = sourcecode.c.h; name = scanner.h; path = ../../../../src/rec/data/yaml/src/scanner.h; sourceTree = "SOURCE_ROOT"; };
		595411CD92718598BF5E383D = { isa = PBXFileReference; lastKnownFileType = sourcecode.cpp.cpp; name = scanscalar.cpp; path = ../../../../src/rec/data/yaml/src/scanscalar.cpp; sourceTree = "SOURCE_ROOT"; };
		810476FB3B901E0584B866D5 = { isa = PBXFileReference; lastKnownFileType = sourcecode.c.h; name = scanscalar.h; path = ../../../../src/rec/data/yaml/src/scanscalar.h; sourceTree = "SOURCE_ROOT"; };
		1D32C75A62E980C1C2FDDCB2 = { isa = PBXFileReference; lastKnownFileType = sourcecode.cpp.cpp; name = scantag.cpp; path = ../../../../src/rec/data/yaml/src/scantag.cpp; sourceTree = "SOURCE_ROOT"; };
		FCF520E845FC1366E592CD65 = { isa = PBXFileReference; lastKnownFileType = sourcecode.c.h; name = scantag.h; path = ../../../../src/rec/data/yaml/src/scantag.h; sourceTree = "SOURCE_ROOT"; };
		3FBB2826214E2334FB2BDAB2 = { isa = PBXFileReference; lastKnownFileType = sourcecode.cpp.cpp; name = scantoken.cpp; path = ../../../../src/rec/data/yaml/src/scantoken.cpp; sourceTree = "SOURCE_ROOT"; };
		6E686CF6F29AE56A42D0CB12 = { isa = PBXFileReference; lastKnownFileType = sourcecode.cpp.cpp; name = sequence.cpp; path = ../../../../src/rec/data/yaml/src/sequence.cpp; sourceTree = "SOURCE_ROOT"; };
		1F6AE5EBED1B12E0B7EFF592 = { isa = PBXFileReference; lastKnownFileType = sourcecode.c.h; name = sequence.h; path = ../../../../src/rec/data/yaml/src/sequence.h; sourceTree = "SOURCE_ROOT"; };
		26E9AF0CDB4E51D25A45E152 = { isa = PBXFileReference; lastKnownFileType = sourcecode.c.h; name = setting.h; path = ../../../../src/rec/data/yaml/src/setting.h; sourceTree = "SOURCE_ROOT"; };
		7AEFAE0C5EEAA77965822ACE = { isa = PBXFileReference; lastKnownFileType = sourcecode.cpp.cpp; name = simplekey.cpp; path = ../../../../src/rec/data/yaml/src/simplekey.cpp; sourceTree = "SOURCE_ROOT"; };
		259406DDB79C3E8AEF92A63B = { isa = PBXFileReference; lastKnownFileType = sourcecode.cpp.cpp; name = singledocparser.cpp; path = ../../../../src/rec/data/yaml/src/singledocparser.cpp; sourceTree = "SOURCE_ROOT"; };
		0C48A0CEB953E224AF3DF568 = { isa = PBXFileReference; lastKnownFileType = sourcecode.c.h; name = singledocparser.h; path = ../../../../src/rec/data/yaml/src/singledocparser.h; sourceTree = "SOURCE_ROOT"; };
		3B66FA43BEC82099194C54D8 = { isa = PBXFileReference; lastKnownFileType = sourcecode.cpp.cpp; name = stream.cpp; path = ../../../../src/rec/data/yaml/src/stream.cpp; sourceTree = "SOURCE_ROOT"; };
		79DF7DA6E5644E9EEEEB7477 = { isa = PBXFileReference; lastKnownFileType = sourcecode.c.h; name = stream.h; path = ../../../../src/rec/data/yaml/src/stream.h; sourceTree = "SOURCE_ROOT"; };
		EEC8AFEEDEF49523D471B146 = { isa = PBXFileReference; lastKnownFileType = sourcecode.c.h; name = streamcharsource.h; path = ../../../../src/rec/data/yaml/src/streamcharsource.h; sourceTree = "SOURCE_ROOT"; };
		DE98B28A9113C0D820F70346 = { isa = PBXFileReference; lastKnownFileType = sourcecode.c.h; name = stringsource.h; path = ../../../../src/rec/data/yaml/src/stringsource.h; sourceTree = "SOURCE_ROOT"; };
		942E7B2E41D48EB8180E2C24 = { isa = PBXFileReference; lastKnownFileType = sourcecode.cpp.cpp; name = tag.cpp; path = ../../../../src/rec/data/yaml/src/tag.cpp; sourceTree = "SOURCE_ROOT"; };
		B243C3635E6B58267267E13D = { isa = PBXFileReference; lastKnownFileType = sourcecode.c.h; name = tag.h; path = ../../../../src/rec/data/yaml/src/tag.h; sourceTree = "SOURCE_ROOT"; };
		65748ED9F6A47C633AA45FA7 = { isa = PBXFileReference; lastKnownFileType = sourcecode.c.h; name = token.h; path = ../../../../src/rec/data/yaml/src/token.h; sourceTree = "SOURCE_ROOT"; };
		7555AAA03CF0439E105899A8 = { isa = PBXFileReference; lastKnownFileType = sourcecode.cpp.cpp; name = WriteYaml.cpp; path = ../../../../src/rec/data/yaml/WriteYaml.cpp; sourceTree = "SOURCE_ROOT"; };
		8AC3E5A7FB15D9774012C40A = { isa = PBXFileReference; lastKnownFileType = sourcecode.c.h; name = Yaml.h; path = ../../../../src/rec/data/yaml/Yaml.h; sourceTree = "SOURCE_ROOT"; };
		78F73F6C8CE543B33B019CC7 = { isa = PBXFileReference; lastKnownFileType = sourcecode.cpp.cpp; name = "Yaml_test.cpp"; path = "../../../../src/rec/data/yaml/Yaml_test.cpp"; sourceTree = "SOURCE_ROOT"; };
		00C4E097C1D4856FA6B4DAAF = { isa = PBXFileReference; lastKnownFileType = sourcecode.cpp.cpp; name = Runny.pb.cc; path = ../../../../genfiles/proto/rec/audio/source/Runny.pb.cc; sourceTree = "SOURCE_ROOT"; };
		375C6917153C53EC6388B40B = { isa = PBXFileReference; lastKnownFileType = sourcecode.c.h; name = Runny.pb.h; path = ../../../../genfiles/proto/rec/audio/source/Runny.pb.h; sourceTree = "SOURCE_ROOT"; };
		4B52C31ADA58A7C94608CBF3 = { isa = PBXFileReference; lastKnownFileType = sourcecode.cpp.cpp; name = Stereo.pb.cc; path = ../../../../genfiles/proto/rec/audio/source/Stereo.pb.cc; sourceTree = "SOURCE_ROOT"; };
		E531336AB5D9F5BC891D55B8 = { isa = PBXFileReference; lastKnownFileType = sourcecode.c.h; name = Stereo.pb.h; path = ../../../../genfiles/proto/rec/audio/source/Stereo.pb.h; sourceTree = "SOURCE_ROOT"; };
		18AF5E1223699CB322A01CC3 = { isa = PBXFileReference; lastKnownFileType = sourcecode.cpp.cpp; name = Stretch.pb.cc; path = ../../../../genfiles/proto/rec/audio/stretch/Stretch.pb.cc; sourceTree = "SOURCE_ROOT"; };
		14D7DC2CB1C86159ABABA72A = { isa = PBXFileReference; lastKnownFileType = sourcecode.c.h; name = Stretch.pb.h; path = ../../../../genfiles/proto/rec/audio/stretch/Stretch.pb.h; sourceTree = "SOURCE_ROOT"; };
		85D5FE8D0D1B97F5B5E05BA9 = { isa = PBXFileReference; lastKnownFileType = sourcecode.cpp.cpp; name = Gain.pb.cc; path = ../../../../genfiles/proto/rec/audio/util/Gain.pb.cc; sourceTree = "SOURCE_ROOT"; };
		E05DFC676838ED49D06186EB = { isa = PBXFileReference; lastKnownFileType = sourcecode.c.h; name = Gain.pb.h; path = ../../../../genfiles/proto/rec/audio/util/Gain.pb.h; sourceTree = "SOURCE_ROOT"; };
		75327DF6945AB8ED3D80F127 = { isa = PBXFileReference; lastKnownFileType = sourcecode.cpp.cpp; name = Access.pb.cc; path = ../../../../genfiles/proto/rec/command/Access.pb.cc; sourceTree = "SOURCE_ROOT"; };
		0FE6AA41C11C864B8C6F3A27 = { isa = PBXFileReference; lastKnownFileType = sourcecode.c.h; name = Access.pb.h; path = ../../../../genfiles/proto/rec/command/Access.pb.h; sourceTree = "SOURCE_ROOT"; };
		79FD1E0C1D8078B1DB79F30E = { isa = PBXFileReference; lastKnownFileType = sourcecode.cpp.cpp; name = Command.pb.cc; path = ../../../../genfiles/proto/rec/command/Command.pb.cc; sourceTree = "SOURCE_ROOT"; };
		593A86589232C8022F31AFAC = { isa = PBXFileReference; lastKnownFileType = sourcecode.c.h; name = Command.pb.h; path = ../../../../genfiles/proto/rec/command/Command.pb.h; sourceTree = "SOURCE_ROOT"; };
		004344F060F43819AF02BAEE = { isa = PBXFileReference; lastKnownFileType = sourcecode.cpp.cpp; name = CommandMap.pb.cc; path = ../../../../genfiles/proto/rec/command/map/CommandMap.pb.cc; sourceTree = "SOURCE_ROOT"; };
		8544DA34AB9FC448E944371C = { isa = PBXFileReference; lastKnownFileType = sourcecode.c.h; name = CommandMap.pb.h; path = ../../../../genfiles/proto/rec/command/map/CommandMap.pb.h; sourceTree = "SOURCE_ROOT"; };
		443007D8471DCB1B9DD0E913 = { isa = PBXFileReference; lastKnownFileType = sourcecode.cpp.cpp; name = Operation.pb.cc; path = ../../../../genfiles/proto/rec/data/Operation.pb.cc; sourceTree = "SOURCE_ROOT"; };
		4832A30345C44DA2616B8D5D = { isa = PBXFileReference; lastKnownFileType = sourcecode.c.h; name = Operation.pb.h; path = ../../../../genfiles/proto/rec/data/Operation.pb.h; sourceTree = "SOURCE_ROOT"; };
		82619723A5523AAD236DFA91 = { isa = PBXFileReference; lastKnownFileType = sourcecode.cpp.cpp; name = Address.pb.cc; path = ../../../../genfiles/proto/rec/data/proto/Address.pb.cc; sourceTree = "SOURCE_ROOT"; };
		2773A48254769271AAEF2846 = { isa = PBXFileReference; lastKnownFileType = sourcecode.c.h; name = Address.pb.h; path = ../../../../genfiles/proto/rec/data/proto/Address.pb.h; sourceTree = "SOURCE_ROOT"; };
		F86B29C8283B90AE70A5A9B0 = { isa = PBXFileReference; lastKnownFileType = sourcecode.cpp.cpp; name = TestData.pb.cc; path = ../../../../genfiles/proto/rec/data/proto/TestData.pb.cc; sourceTree = "SOURCE_ROOT"; };
		F50482DC7139FCB40EB1C11D = { isa = PBXFileReference; lastKnownFileType = sourcecode.c.h; name = TestData.pb.h; path = ../../../../genfiles/proto/rec/data/proto/TestData.pb.h; sourceTree = "SOURCE_ROOT"; };
		972BCBC474E7594E1358F581 = { isa = PBXFileReference; lastKnownFileType = sourcecode.cpp.cpp; name = Value.pb.cc; path = ../../../../genfiles/proto/rec/data/proto/Value.pb.cc; sourceTree = "SOURCE_ROOT"; };
		5210E24E8B6230D4B91CE5A4 = { isa = PBXFileReference; lastKnownFileType = sourcecode.c.h; name = Value.pb.h; path = ../../../../genfiles/proto/rec/data/proto/Value.pb.h; sourceTree = "SOURCE_ROOT"; };
		7D3E55D17B7D43F1AB33BF2F = { isa = PBXFileReference; lastKnownFileType = sourcecode.cpp.cpp; name = Color.pb.cc; path = ../../../../genfiles/proto/rec/gui/Color.pb.cc; sourceTree = "SOURCE_ROOT"; };
		F100D6B219F0516B4516830C = { isa = PBXFileReference; lastKnownFileType = sourcecode.c.h; name = Color.pb.h; path = ../../../../genfiles/proto/rec/gui/Color.pb.h; sourceTree = "SOURCE_ROOT"; };
		51FFCF017957DD13BAC0D75E = { isa = PBXFileReference; lastKnownFileType = sourcecode.cpp.cpp; name = Font.pb.cc; path = ../../../../genfiles/proto/rec/gui/Font.pb.cc; sourceTree = "SOURCE_ROOT"; };
		3D0AA2045674E3C883161687 = { isa = PBXFileReference; lastKnownFileType = sourcecode.c.h; name = Font.pb.h; path = ../../../../genfiles/proto/rec/gui/Font.pb.h; sourceTree = "SOURCE_ROOT"; };
		19E1FE047D8303A2FAABCF26 = { isa = PBXFileReference; lastKnownFileType = sourcecode.cpp.cpp; name = Geometry.pb.cc; path = ../../../../genfiles/proto/rec/gui/Geometry.pb.cc; sourceTree = "SOURCE_ROOT"; };
		3E773A45756BB6F0D342D4DB = { isa = PBXFileReference; lastKnownFileType = sourcecode.c.h; name = Geometry.pb.h; path = ../../../../genfiles/proto/rec/gui/Geometry.pb.h; sourceTree = "SOURCE_ROOT"; };
		9F6B278BDF653D58B6B7F045 = { isa = PBXFileReference; lastKnownFileType = sourcecode.cpp.cpp; name = RecentFiles.pb.cc; path = ../../../../genfiles/proto/rec/gui/RecentFiles.pb.cc; sourceTree = "SOURCE_ROOT"; };
		6B130DDF02ED5024B273DBD1 = { isa = PBXFileReference; lastKnownFileType = sourcecode.c.h; name = RecentFiles.pb.h; path = ../../../../genfiles/proto/rec/gui/RecentFiles.pb.h; sourceTree = "SOURCE_ROOT"; };
		AC1A650C71C85289B6F21B8F = { isa = PBXFileReference; lastKnownFileType = sourcecode.cpp.cpp; name = TableColumn.pb.cc; path = ../../../../genfiles/proto/rec/gui/TableColumn.pb.cc; sourceTree = "SOURCE_ROOT"; };
		D3BAA263922E49A7A3D01151 = { isa = PBXFileReference; lastKnownFileType = sourcecode.c.h; name = TableColumn.pb.h; path = ../../../../genfiles/proto/rec/gui/TableColumn.pb.h; sourceTree = "SOURCE_ROOT"; };
		673490B405CDDFEAA5A85F8B = { isa = PBXFileReference; lastKnownFileType = sourcecode.cpp.cpp; name = WindowPosition.pb.cc; path = ../../../../genfiles/proto/rec/gui/WindowPosition.pb.cc; sourceTree = "SOURCE_ROOT"; };
		1E74FC18031A8211E83D2B03 = { isa = PBXFileReference; lastKnownFileType = sourcecode.c.h; name = WindowPosition.pb.h; path = ../../../../genfiles/proto/rec/gui/WindowPosition.pb.h; sourceTree = "SOURCE_ROOT"; };
		A20082A7A8FBBAEC6AEB9A67 = { isa = PBXFileReference; lastKnownFileType = sourcecode.cpp.cpp; name = Metadata.pb.cc; path = ../../../../genfiles/proto/rec/music/Metadata.pb.cc; sourceTree = "SOURCE_ROOT"; };
		D011B40AA4A3ABE9D807DFD5 = { isa = PBXFileReference; lastKnownFileType = sourcecode.c.h; name = Metadata.pb.h; path = ../../../../genfiles/proto/rec/music/Metadata.pb.h; sourceTree = "SOURCE_ROOT"; };
		BB8AA4C2A6DD3BC6EE1C5E16 = { isa = PBXFileReference; lastKnownFileType = sourcecode.cpp.cpp; name = AppLayout.pb.cc; path = ../../../../genfiles/proto/rec/slow/AppLayout.pb.cc; sourceTree = "SOURCE_ROOT"; };
		1295BAF9F59A71694B56FD72 = { isa = PBXFileReference; lastKnownFileType = sourcecode.c.h; name = AppLayout.pb.h; path = ../../../../genfiles/proto/rec/slow/AppLayout.pb.h; sourceTree = "SOURCE_ROOT"; };
		72D7192236F343ADACB6B6D5 = { isa = PBXFileReference; lastKnownFileType = sourcecode.cpp.cpp; name = GuiSettings.pb.cc; path = ../../../../genfiles/proto/rec/slow/GuiSettings.pb.cc; sourceTree = "SOURCE_ROOT"; };
		DCCBCA4DD469EFCACC539114 = { isa = PBXFileReference; lastKnownFileType = sourcecode.c.h; name = GuiSettings.pb.h; path = ../../../../genfiles/proto/rec/slow/GuiSettings.pb.h; sourceTree = "SOURCE_ROOT"; };
		B1F258A7607803640F56F4E5 = { isa = PBXFileReference; lastKnownFileType = sourcecode.cpp.cpp; name = VirtualFile.pb.cc; path = ../../../../genfiles/proto/rec/util/file/VirtualFile.pb.cc; sourceTree = "SOURCE_ROOT"; };
		C18671BC0CE394034009A3AF = { isa = PBXFileReference; lastKnownFileType = sourcecode.c.h; name = VirtualFile.pb.h; path = ../../../../genfiles/proto/rec/util/file/VirtualFile.pb.h; sourceTree = "SOURCE_ROOT"; };
		BB933CA079DA014C1F7AF686 = { isa = PBXFileReference; lastKnownFileType = sourcecode.cpp.cpp; name = LoopPoint.pb.cc; path = ../../../../genfiles/proto/rec/util/LoopPoint.pb.cc; sourceTree = "SOURCE_ROOT"; };
		D6930C6118A7347F6FEDA15A = { isa = PBXFileReference; lastKnownFileType = sourcecode.c.h; name = LoopPoint.pb.h; path = ../../../../genfiles/proto/rec/util/LoopPoint.pb.h; sourceTree = "SOURCE_ROOT"; };
		F96A88BD613522B3987E2D67 = { isa = PBXFileReference; lastKnownFileType = sourcecode.cpp.cpp; name = Mode.pb.cc; path = ../../../../genfiles/proto/rec/util/Mode.pb.cc; sourceTree = "SOURCE_ROOT"; };
		C66D5755482943834157B35C = { isa = PBXFileReference; lastKnownFileType = sourcecode.c.h; name = Mode.pb.h; path = ../../../../genfiles/proto/rec/util/Mode.pb.h; sourceTree = "SOURCE_ROOT"; };
		235055B0594066535CFE84D7 = { isa = PBXFileReference; lastKnownFileType = sourcecode.cpp.cpp; name = Thread.pb.cc; path = ../../../../genfiles/proto/rec/util/thread/Thread.pb.cc; sourceTree = "SOURCE_ROOT"; };
		EBF7734F9F0C6AF5E6D6C870 = { isa = PBXFileReference; lastKnownFileType = sourcecode.c.h; name = Thread.pb.h; path = ../../../../genfiles/proto/rec/util/thread/Thread.pb.h; sourceTree = "SOURCE_ROOT"; };
		E73EBBD9EF8D94598E4A9B7E = { isa = PBXFileReference; lastKnownFileType = sourcecode.cpp.cpp; name = Panes.pb.cc; path = ../../../../genfiles/proto/rec/widget/Panes.pb.cc; sourceTree = "SOURCE_ROOT"; };
		CAA91BF370E5FED4E96B8793 = { isa = PBXFileReference; lastKnownFileType = sourcecode.c.h; name = Panes.pb.h; path = ../../../../genfiles/proto/rec/widget/Panes.pb.h; sourceTree = "SOURCE_ROOT"; };
		8F407ED4075635795D5747F5 = { isa = PBXFileReference; lastKnownFileType = sourcecode.cpp.cpp; name = Status.pb.cc; path = ../../../../genfiles/proto/rec/widget/status/Status.pb.cc; sourceTree = "SOURCE_ROOT"; };
		BFF9FF1ED2055D7202DA9EAD = { isa = PBXFileReference; lastKnownFileType = sourcecode.c.h; name = Status.pb.h; path = ../../../../genfiles/proto/rec/widget/status/Status.pb.h; sourceTree = "SOURCE_ROOT"; };
		939418AECEA2AAD9ED6D5FDC = { isa = PBXFileReference; lastKnownFileType = sourcecode.cpp.cpp; name = Time.pb.cc; path = ../../../../genfiles/proto/rec/widget/status/Time.pb.cc; sourceTree = "SOURCE_ROOT"; };
		6CD9AEC8E6E6782A883A452E = { isa = PBXFileReference; lastKnownFileType = sourcecode.c.h; name = Time.pb.h; path = ../../../../genfiles/proto/rec/widget/status/Time.pb.h; sourceTree = "SOURCE_ROOT"; };
		A04D059FC72A5E86172768B3 = { isa = PBXFileReference; lastKnownFileType = sourcecode.cpp.cpp; name = NavigatorConfig.pb.cc; path = ../../../../genfiles/proto/rec/widget/tree/NavigatorConfig.pb.cc; sourceTree = "SOURCE_ROOT"; };
		D101400236FBF8E4F975B943 = { isa = PBXFileReference; lastKnownFileType = sourcecode.c.h; name = NavigatorConfig.pb.h; path = ../../../../genfiles/proto/rec/widget/tree/NavigatorConfig.pb.h; sourceTree = "SOURCE_ROOT"; };
		A823A5F7471AA020496F62EF = { isa = PBXFileReference; lastKnownFileType = sourcecode.cpp.cpp; name = Node.pb.cc; path = ../../../../genfiles/proto/rec/widget/tree/Node.pb.cc; sourceTree = "SOURCE_ROOT"; };
		54BAED3C1B5F333D2DDB93FA = { isa = PBXFileReference; lastKnownFileType = sourcecode.c.h; name = Node.pb.h; path = ../../../../genfiles/proto/rec/widget/tree/Node.pb.h; sourceTree = "SOURCE_ROOT"; };
		ED4485581AE5524BD831272D = { isa = PBXFileReference; lastKnownFileType = sourcecode.cpp.cpp; name = Path.pb.cc; path = ../../../../genfiles/proto/rec/widget/tree/Path.pb.cc; sourceTree = "SOURCE_ROOT"; };
		B4617BEC47F5283829B30820 = { isa = PBXFileReference; lastKnownFileType = sourcecode.c.h; name = Path.pb.h; path = ../../../../genfiles/proto/rec/widget/tree/Path.pb.h; sourceTree = "SOURCE_ROOT"; };
		6BAB324E859953C427557146 = { isa = PBXFileReference; lastKnownFileType = sourcecode.cpp.cpp; name = Cursor.pb.cc; path = ../../../../genfiles/proto/rec/widget/waveform/Cursor.pb.cc; sourceTree = "SOURCE_ROOT"; };
		C749113202E53134D5DDEA9C = { isa = PBXFileReference; lastKnownFileType = sourcecode.c.h; name = Cursor.pb.h; path = ../../../../genfiles/proto/rec/widget/waveform/Cursor.pb.h; sourceTree = "SOURCE_ROOT"; };
		01B15D0C109C40606728BB77 = { isa = PBXFileReference; lastKnownFileType = sourcecode.cpp.cpp; name = Waveform.pb.cc; path = ../../../../genfiles/proto/rec/widget/waveform/Waveform.pb.cc; sourceTree = "SOURCE_ROOT"; };
		A3D1E4ED9B5098C5063BB38D = { isa = PBXFileReference; lastKnownFileType = sourcecode.c.h; name = Waveform.pb.h; path = ../../../../genfiles/proto/rec/widget/waveform/Waveform.pb.h; sourceTree = "SOURCE_ROOT"; };
		8F9E235785AA76B5286DE05A = { isa = PBXFileReference; lastKnownFileType = sourcecode.cpp.cpp; name = Zoom.pb.cc; path = ../../../../genfiles/proto/rec/widget/waveform/Zoom.pb.cc; sourceTree = "SOURCE_ROOT"; };
		CDF141037766B93C9B0D702B = { isa = PBXFileReference; lastKnownFileType = sourcecode.c.h; name = Zoom.pb.h; path = ../../../../genfiles/proto/rec/widget/waveform/Zoom.pb.h; sourceTree = "SOURCE_ROOT"; };
		D641415BAEDB629018E8EF6E = { isa = PBXFileReference; lastKnownFileType = sourcecode.cpp.cpp; name = Widget.pb.cc; path = ../../../../genfiles/proto/rec/widget/Widget.pb.cc; sourceTree = "SOURCE_ROOT"; };
		8720EE31C563EFDCEF44911C = { isa = PBXFileReference; lastKnownFileType = sourcecode.c.h; name = Widget.pb.h; path = ../../../../genfiles/proto/rec/widget/Widget.pb.h; sourceTree = "SOURCE_ROOT"; };
		C31D0F94D3029871E21D6EA7 = { isa = PBXFileReference; lastKnownFileType = sourcecode.cpp.cpp; name = Main.cpp; path = ../../Main.cpp; sourceTree = "SOURCE_ROOT"; };
		4D431D9E24A5740D3FCA6CAD = { isa = PBXFileReference; lastKnownFileType = sourcecode.c.h; name = AppConfig.h; path = ../../JuceLibraryCode/AppConfig.h; sourceTree = "SOURCE_ROOT"; };
		05CFE44B2760A86D93D7D00C = { isa = PBXFileReference; lastKnownFileType = sourcecode.c.h; name = JuceHeader.h; path = ../../JuceLibraryCode/JuceHeader.h; sourceTree = "SOURCE_ROOT"; };
		93BF2BCB183C30ABB83AB74A = { isa = PBXFileReference; lastKnownFileType = sourcecode.cpp.objcpp; name = JuceLibraryCode.mm; path = ../../JuceLibraryCode/JuceLibraryCode.mm; sourceTree = "SOURCE_ROOT"; };
		3E4648887927FB31690C1526 = { isa = PBXGroup; children = (
				DB04452DC50DD31177FB6398,
				A4DEAF714BB10D7F60D583A0,
				DB5C0EC7F3D81D1ECAC5B818,
				C23D5E4F801211DF9E964636,
				D8E3EC7207D969A2B202662D,
				02BB89308CDB2C5FD0E1FC9A,
				88E265C2896FE65BBEAEF825,
				6BA0E9E6D2A97AE9BF6DBD3F,
				0EAAAAEA1AE6320075FC1F8A,
				345E160AEAE2470BB7D82317,
				67A697747734F4E4C2EB906E,
				031B5DCA703545523EC535DA,
				F10B966722B78045278C9AE3,
				189862FDE05C1319FA425AC3,
				59E1E361F570FB9D2EC06D3E,
				EA70D99A1C1287E391F05A90,
				260490D9CBF4AB3AD2E0EDA7,
				9DF47A2A41F9534AC7E2EBC9,
				E0CE3F2FD4A1456EFC505BB4 ); name = proto; sourceTree = "<group>"; };
		1744390E7A46327F218EBF39 = { isa = PBXGroup; children = (
				C4CAE3D492075E9CB7A10B98,
				56505F00DFAC8140983DFB3F,
				7665593C03C6666B30051DC9,
				54B2E0C215B11A452D75B8B0,
				02AF30475AC4B3D550F50789,
				46D7FE8E0392C4B919B7E003,
				ECB151293E0D6EBE8F6855AB,
				FB268E4D9A1D1548CF342681,
				D4906FCCA8ECDF382B92B41E,
				271BF921FB87BDFF9F0E16DF,
				8E1A981BACFF7892B8382831,
				642468D541F391C926E83FCD,
				FDB1648E361C1398395481EA,
				7355C06C46DDEBB27C3C51DF,
				53D4AE46CFFB927F5BAE6BDC,
				ABC0A8600D9999A37E5335CD,
				E8A76B365C2F37DA8A5FE860,
				E91DD63C2944704FB24D1543,
				F774C2D5C72BC1CCD2E84499,
				47E465DDF8C94ECB3CF023B4,
				9DA96D2341F1FE689C402162,
				896043EFE75667820151A9A9,
				F3264519DC9FD455788DFA1E ); name = "yaml-cpp"; sourceTree = "<group>"; };
		1FFD6AD48DF312F83E7715FE = { isa = PBXGroup; children = (
				1744390E7A46327F218EBF39 ); name = include; sourceTree = "<group>"; };
		B591ECCDA099AEE93C0E94AF = { isa = PBXGroup; children = (
				C707322122227D60F477C385,
				645F1C1709F5519163165674,
				F365619867C61F2678E07A2A,
				C9323128FF351A88A5954B43,
				794C3CE7D0C95A5A70F2133B,
				FE7C87DE65AB727CB51F2D36,
				1FD15C2501D15841EE0BA648,
				283829B3082076590B27CCFC,
				93EBC98B0C17E082E5E5CF66,
				74604BC6AFCAFC3E811FA681,
				4FEB0BCB1EE0C28230FB4E39,
				D8390EE579EA68952D6004C8,
				73CEF1FAD005F3A83DA79112,
				1F8BB10F0597A05DEC3C5A7E,
				4CCBFD4FD6D238116FC2EAE8,
				8CD1F744FF984D4679CCF65D,
				09ECA1CC4C8F831607E2CA73,
				EC1A8D55399C894E02339958,
				532942B4C18E8AF4975EE884,
				5E25F333F88F4A4811F3480F,
				CBE8727CF41E8DD0D96A9A95,
				92A5C0C1A1A7C496646ABE34,
				5A91B1E4E7ACB0F61AD24E03,
				BA0E4E08076B548487ADBC73,
				972CB411F3DDECC4C1FFE37F,
				6A9E7C2BFC6E0E3AAEF3580C,
				2311B4F85FE009596940D8BC,
				768EC2DF717E243EA4656ED3,
				08CFDF2439F07DFC76C0ABBA,
				1B4AF9546EB8E3E4284E2727,
				66830A933BF39F7D3E949B50,
				EAE8CC22ED01A22B356FD069,
				78B1151C9410885C5861B30D,
				A403F01CF351F7442E082EAF,
				997F253302C4D2F96112E0AC,
				73932871BF1A6C2E3226F878,
				18C747C1E7871B9428F1EA06,
				484140FCBE78A99AE398121B,
				5ADB4CAE72D0BDD3F75BA7A0,
				595411CD92718598BF5E383D,
				810476FB3B901E0584B866D5,
				1D32C75A62E980C1C2FDDCB2,
				FCF520E845FC1366E592CD65,
				3FBB2826214E2334FB2BDAB2,
				6E686CF6F29AE56A42D0CB12,
				1F6AE5EBED1B12E0B7EFF592,
				26E9AF0CDB4E51D25A45E152,
				7AEFAE0C5EEAA77965822ACE,
				259406DDB79C3E8AEF92A63B,
				0C48A0CEB953E224AF3DF568,
				3B66FA43BEC82099194C54D8,
				79DF7DA6E5644E9EEEEB7477,
				EEC8AFEEDEF49523D471B146,
				DE98B28A9113C0D820F70346,
				942E7B2E41D48EB8180E2C24,
				B243C3635E6B58267267E13D,
				65748ED9F6A47C633AA45FA7 ); name = src; sourceTree = "<group>"; };
		F173B6CFF95D08DB1000B1ED = { isa = PBXGroup; children = (
				1FFD6AD48DF312F83E7715FE,
				93D59B968ECE8608A83355B1,
				85EF74DB6155D961C98F75C0,
				B591ECCDA099AEE93C0E94AF,
				7555AAA03CF0439E105899A8,
				8AC3E5A7FB15D9774012C40A,
				78F73F6C8CE543B33B019CC7 ); name = yaml; sourceTree = "<group>"; };
		CC85E0BA788DDF4F714ECA0F = { isa = PBXGroup; children = (
				E19158321F260DBCC2420226,
				306996540D2F52FAD0685FD9,
				061CC99E25656F0F69B933BD,
				AF5050D20F615DCFCD15038A,
				F0AA4D42B00AEBFD15907403,
				6BAB6CF116BB2F62451986C7,
				05F8C4315B5F118DECAE7684,
				6C96C57F0DCC3849B66BA800,
				F27F35AA197717AF01C367C5,
				46FB83A0D12DE0D8B7F20F4C,
				0460DD85363BD4E9FBF1B494,
				1D7290AE88C353DB2AE523F9,
				3102388D5506B14956C35A70,
				0A9E1FEEECBF2F9357169661,
				523216C01B812F88BC6C191E,
				EA5681EBF53B12CE5DD13AD9,
				A666AB2DB56CCDB31FD15C25,
				41006F544CC11AF420C559BC,
				6DECADB3F9B7583F4E1AAE92,
				D99172FE59D80851A0A392EF,
				4EFD64E4517C63D1D001A1F3,
				80F37C7610168F3C705FC5F8,
				D6CBD1C973CDEDAEB7FBFDBB,
				C71C6E650A56B43FA8FF97E5,
				940674DAA6D7A6AEB8D3EF01,
				3E4648887927FB31690C1526,
				F2AE30EA8E491A9382E9ADCE,
				7D7B9F2C80B7DF52124FD2C5,
				C6DD6CAF77B04D65A28F9540,
				3EB2EE772D5D77D82081FC92,
				3E3D3457225E4584550E162B,
				1914D64C56BD4383BC8A6C44,
				F173B6CFF95D08DB1000B1ED ); name = data; sourceTree = "<group>"; };
		7828C8A10DA8599918EFD0AF = { isa = PBXGroup; children = (
				CC85E0BA788DDF4F714ECA0F ); name = rec; sourceTree = "<group>"; };
		F304EEBBFD88A6D86C00D7E2 = { isa = PBXGroup; children = (
				00C4E097C1D4856FA6B4DAAF,
				375C6917153C53EC6388B40B,
				4B52C31ADA58A7C94608CBF3,
				E531336AB5D9F5BC891D55B8 ); name = source; sourceTree = "<group>"; };
		66B0D031B4190C15773F2570 = { isa = PBXGroup; children = (
				18AF5E1223699CB322A01CC3,
				14D7DC2CB1C86159ABABA72A ); name = stretch; sourceTree = "<group>"; };
		F5A9DA4740ADD1A2E4171329 = { isa = PBXGroup; children = (
				85D5FE8D0D1B97F5B5E05BA9,
				E05DFC676838ED49D06186EB ); name = util; sourceTree = "<group>"; };
		A9F27951A841A6B2A262135A = { isa = PBXGroup; children = (
				F304EEBBFD88A6D86C00D7E2,
				66B0D031B4190C15773F2570,
				F5A9DA4740ADD1A2E4171329 ); name = audio; sourceTree = "<group>"; };
		6663339B171BC01FF98C60E0 = { isa = PBXGroup; children = (
				004344F060F43819AF02BAEE,
				8544DA34AB9FC448E944371C ); name = map; sourceTree = "<group>"; };
		A5F7D27E150C2997358FA46A = { isa = PBXGroup; children = (
				75327DF6945AB8ED3D80F127,
				0FE6AA41C11C864B8C6F3A27,
				79FD1E0C1D8078B1DB79F30E,
				593A86589232C8022F31AFAC,
				6663339B171BC01FF98C60E0 ); name = command; sourceTree = "<group>"; };
		C63AC38D86DE0AC8EFEA695D = { isa = PBXGroup; children = (
				82619723A5523AAD236DFA91,
				2773A48254769271AAEF2846,
				F86B29C8283B90AE70A5A9B0,
				F50482DC7139FCB40EB1C11D,
				972BCBC474E7594E1358F581,
				5210E24E8B6230D4B91CE5A4 ); name = proto; sourceTree = "<group>"; };
		CFBD6BDA193682628F16FB37 = { isa = PBXGroup; children = (
				443007D8471DCB1B9DD0E913,
				4832A30345C44DA2616B8D5D,
				C63AC38D86DE0AC8EFEA695D ); name = data; sourceTree = "<group>"; };
		CD08E605481021D6D0F0D49D = { isa = PBXGroup; children = (
				7D3E55D17B7D43F1AB33BF2F,
				F100D6B219F0516B4516830C,
				51FFCF017957DD13BAC0D75E,
				3D0AA2045674E3C883161687,
				19E1FE047D8303A2FAABCF26,
				3E773A45756BB6F0D342D4DB,
				9F6B278BDF653D58B6B7F045,
				6B130DDF02ED5024B273DBD1,
				AC1A650C71C85289B6F21B8F,
				D3BAA263922E49A7A3D01151,
				673490B405CDDFEAA5A85F8B,
				1E74FC18031A8211E83D2B03 ); name = gui; sourceTree = "<group>"; };
		2B8AA3E9586E4533675EC728 = { isa = PBXGroup; children = (
				A20082A7A8FBBAEC6AEB9A67,
				D011B40AA4A3ABE9D807DFD5 ); name = music; sourceTree = "<group>"; };
		EFC2FDA9D69A108DAF5FCAE1 = { isa = PBXGroup; children = (
				BB8AA4C2A6DD3BC6EE1C5E16,
				1295BAF9F59A71694B56FD72,
				72D7192236F343ADACB6B6D5,
				DCCBCA4DD469EFCACC539114 ); name = slow; sourceTree = "<group>"; };
		A5E1CA158DB02192AB23C1CB = { isa = PBXGroup; children = (
				B1F258A7607803640F56F4E5,
				C18671BC0CE394034009A3AF ); name = file; sourceTree = "<group>"; };
		CA36108313CCB3A3610A9C55 = { isa = PBXGroup; children = (
				235055B0594066535CFE84D7,
				EBF7734F9F0C6AF5E6D6C870 ); name = thread; sourceTree = "<group>"; };
		EEE926871150DC43ADFC0CD8 = { isa = PBXGroup; children = (
				A5E1CA158DB02192AB23C1CB,
				BB933CA079DA014C1F7AF686,
				D6930C6118A7347F6FEDA15A,
				F96A88BD613522B3987E2D67,
				C66D5755482943834157B35C,
				CA36108313CCB3A3610A9C55 ); name = util; sourceTree = "<group>"; };
		4303E5EB01627BD99D91A2D5 = { isa = PBXGroup; children = (
				8F407ED4075635795D5747F5,
				BFF9FF1ED2055D7202DA9EAD,
				939418AECEA2AAD9ED6D5FDC,
				6CD9AEC8E6E6782A883A452E ); name = status; sourceTree = "<group>"; };
		310C6CA9475F608D9DA2E194 = { isa = PBXGroup; children = (
				A04D059FC72A5E86172768B3,
				D101400236FBF8E4F975B943,
				A823A5F7471AA020496F62EF,
				54BAED3C1B5F333D2DDB93FA,
				ED4485581AE5524BD831272D,
				B4617BEC47F5283829B30820 ); name = tree; sourceTree = "<group>"; };
		FA84A8A78619F89878DCD678 = { isa = PBXGroup; children = (
				6BAB324E859953C427557146,
				C749113202E53134D5DDEA9C,
				01B15D0C109C40606728BB77,
				A3D1E4ED9B5098C5063BB38D,
				8F9E235785AA76B5286DE05A,
				CDF141037766B93C9B0D702B ); name = waveform; sourceTree = "<group>"; };
		10CF74E7C878DA560369CC60 = { isa = PBXGroup; children = (
				E73EBBD9EF8D94598E4A9B7E,
				CAA91BF370E5FED4E96B8793,
				4303E5EB01627BD99D91A2D5,
				310C6CA9475F608D9DA2E194,
				FA84A8A78619F89878DCD678,
				D641415BAEDB629018E8EF6E,
				8720EE31C563EFDCEF44911C ); name = widget; sourceTree = "<group>"; };
		2C92C2A3B8F0AA95BAE6FE8C = { isa = PBXGroup; children = (
				A9F27951A841A6B2A262135A,
				A5F7D27E150C2997358FA46A,
				CFBD6BDA193682628F16FB37,
				CD08E605481021D6D0F0D49D,
				2B8AA3E9586E4533675EC728,
				EFC2FDA9D69A108DAF5FCAE1,
				EEE926871150DC43ADFC0CD8,
				10CF74E7C878DA560369CC60 ); name = rec; sourceTree = "<group>"; };
		0FF2D3BE343D9F71B78601EB = { isa = PBXGroup; children = (
				2C92C2A3B8F0AA95BAE6FE8C ); name = proto; sourceTree = "<group>"; };
		370D998B1F9764CC95B340FC = { isa = PBXGroup; children = (
				7828C8A10DA8599918EFD0AF,
				0FF2D3BE343D9F71B78601EB,
				C31D0F94D3029871E21D6EA7 ); name = tests; sourceTree = "<group>"; };
		AB3AD2E0EDA79D48493FD2DD = { isa = PBXGroup; children = (
				4D431D9E24A5740D3FCA6CAD,
				05CFE44B2760A86D93D7D00C,
				93BF2BCB183C30ABB83AB74A ); name = "Juce Library Code"; sourceTree = "<group>"; };
		60A842C53113D1851943D7FF = { isa = PBXGroup; children = (  ); name = Resources; sourceTree = "<group>"; };
		73570899188C747E89918240 = { isa = PBXGroup; children = (
				DA89BF38C256F33C538D7A8E,
				C989BA77A126B87A147BCC2F,
				8A433B710BF477DE534CF18B,
				394FCD039D56F41ABC0024EF,
				601A0CEA135280AABEB1EE98,
				2A883A452E38439DD243D16F,
				8BF4CEEB031EF91D50B25E6B,
				E4F4DD511AC22EC3E064E584,
				AC4A6ACA1273539B268343EC,
				A8A2F3AE5531E742F044302B,
				4FDFA33DF4EAF1E05335DA58,
				FAF5E554FDDE92AEA48760C5 ); name = Frameworks; sourceTree = "<group>"; };
		9E5CD52576CCEFB56496D6AC = { isa = PBXGroup; children = (
				87C5F902F5AF6EF45EC5B9EE ); name = Products; sourceTree = "<group>"; };
		75152A8FCEF7850F7FCFC504 = { isa = PBXGroup; children = (
				370D998B1F9764CC95B340FC,
				AB3AD2E0EDA79D48493FD2DD,
				60A842C53113D1851943D7FF,
				73570899188C747E89918240,
				9E5CD52576CCEFB56496D6AC ); name = Source; sourceTree = "<group>"; };
		5377AC3FFA2E5F427D98543D = { isa = XCBuildConfiguration; buildSettings = {
				PREBINDING = NO;
				HEADER_SEARCH_PATHS = "../../../../../rec/src\ ../../../../../rec/genfiles/proto\ ../../../../../juce\ ../../../../../rec/src/rec/data/yaml/include\ ../../../../../build/Debug/gflags/include\ ../../../../../build/Debug/glog/include\ ../../../../../build/Debug/gtest/include\ ../../../../../build/Debug/mpg123\ ../../../../../build/Debug/protobuf/include\ ../.. $(inherited)";
				GCC_OPTIMIZATION_LEVEL = 0;
				INFOPLIST_FILE = Info.plist;
				INSTALL_PATH = "/usr/bin";
				SDKROOT = macosx10.5;
				MACOSX_DEPLOYMENT_TARGET = 10.5;
				MACOSX_DEPLOYMENT_TARGET_ppc = 10.4;
				OTHER_LDFLAGS = "-L../../../../../build/Debug/gflags/lib -lgflags -L../../../../../build/Debug/glog/lib -lglog -L../../../../../build/Debug/gtest/lib -lgtest -lgtest_main -liconv -L../../../../../build/Debug/mpg123/lib -lmpg123 -L../../../../../build/Debug/protobuf/lib -lprotobuf";
				ONLY_ACTIVE_ARCH = YES;
				COPY_PHASE_STRIP = NO;
				GCC_DYNAMIC_NO_PIC = NO;
				GCC_ENABLE_FIX_AND_CONTINUE = NO;
				GCC_PREPROCESSOR_DEFINITIONS = (
				"_DEBUG=1",
				"DEBUG=1",
				"JUCE_ObjCExtraSuffix=oe6HNj",
				"DONT_SET_USING_JUCE_NAMESPACE",
				"JUCE_DONT_DEFINE_MACRO",
				"__JUCE_CONFIG=Debug",
				"__JUCE_INCLUDES=../../../../../rec/src\ ../../../../../rec/genfiles/proto\ ../../../../../juce\ ../../../../../rec/src/rec/data/yaml/include\ ../../../../../build/Debug/gflags/include\ ../../../../../build/Debug/glog/include\ ../../../../../build/Debug/gtest/include\ ../../../../../build/Debug/mpg123\ ../../../../../build/Debug/protobuf/include\ ../..",
				"JUCER_XCODE_MAC_F6D2F4CF=1"); }; name = Debug; };
		ED1335A12586E43C83F4D205 = { isa = XCBuildConfiguration; buildSettings = {
				PREBINDING = NO;
				HEADER_SEARCH_PATHS = "../../../../../rec/src\ ../../../../../rec/genfiles/proto\ ../../../../../juce\ ../../../../../rec/src/rec/data/yaml/include\ ../../../../../build/Debug/gflags/include\ ../../../../../build/Debug/glog/include\ ../../../../../build/Debug/gtest/include\ ../../../../../build/Debug/mpg123\ ../../../../../build/Debug/protobuf/include\ ../.. $(inherited)";
				GCC_OPTIMIZATION_LEVEL = 3;
				INFOPLIST_FILE = Info.plist;
				INSTALL_PATH = "/usr/bin";
				SDKROOT = macosx10.5;
				MACOSX_DEPLOYMENT_TARGET = 10.5;
				MACOSX_DEPLOYMENT_TARGET_ppc = 10.4;
				OTHER_LDFLAGS = "-L../../../../../build/Release/gflags/lib -lgflags -L../../../../../build/Release/glog/lib -lglog -L../../../../../build/Release/gtest/lib -lgtest -lgtest_main -liconv -L../../../../../build/Release/mpg123/lib -lmpg123 -L../../../../../build/Release/protobuf/lib -lprotobuf";
				GCC_GENERATE_DEBUGGING_SYMBOLS = NO;
				GCC_SYMBOLS_PRIVATE_EXTERN = YES;
				GCC_PREPROCESSOR_DEFINITIONS = (
				"_NDEBUG=1",
				"NDEBUG=1",
				"JUCE_ObjCExtraSuffix=oe6HNj",
				"DONT_SET_USING_JUCE_NAMESPACE",
				"JUCE_DONT_DEFINE_MACRO",
				"__JUCE_CONFIG=Release",
				"__JUCE_INCLUDES=../../../../../rec/src\ ../../../../../rec/genfiles/proto\ ../../../../../juce\ ../../../../../rec/src/rec/data/yaml/include\ ../../../../../build/Debug/gflags/include\ ../../../../../build/Debug/glog/include\ ../../../../../build/Debug/gtest/include\ ../../../../../build/Debug/mpg123\ ../../../../../build/Debug/protobuf/include\ ../..",
				"JUCER_XCODE_MAC_F6D2F4CF=1"); }; name = Release; };
		DEB5F46BDA21543C8C8367D1 = { isa = XCBuildConfiguration; buildSettings = {
				ALWAYS_SEARCH_USER_PATHS = NO;
				GCC_C_LANGUAGE_STANDARD = c99;
				GCC_WARN_ABOUT_RETURN_TYPE = YES;
				GCC_WARN_CHECK_SWITCH_STATEMENTS = YES;
				GCC_WARN_UNUSED_VARIABLE = YES;
				GCC_WARN_MISSING_PARENTHESES = YES;
				GCC_WARN_NON_VIRTUAL_DESTRUCTOR = YES;
				GCC_WARN_TYPECHECK_CALLS_TO_PRINTF = YES;
				WARNING_CFLAGS = -Wreorder;
				GCC_MODEL_TUNING = G5;
				GCC_INLINES_ARE_PRIVATE_EXTERN = YES;
				ZERO_LINK = NO;
				DEBUG_INFORMATION_FORMAT = "dwarf";
				PRODUCT_NAME = "SlowBurn";
				DEAD_CODE_STRIPPING = YES;
				GCC_AUTO_VECTORIZATION = YES;
				GCC_DEBUGGING_SYMBOLS = full;
				GCC_DYNAMIC_NO_PIC = YES;
				GCC_ENABLE_FIX_AND_CONTINUE = YES;
				GCC_ENABLE_SSE3_EXTENSIONS = YES;
				GCC_ENABLE_SSE41_EXTENSIONS = YES;
				GCC_ENABLE_SSE42_EXTENSIONS = YES;
				GCC_ENABLE_SUPPLEMENTAL_SSE3_INSTRUCTIONS = YES;
				GCC_FAST_MATH = YES;
				GCC_INCREASE_PRECOMPILED_HEADER_SHARING = YES;
				GCC_INLINES_ARE_PRIVATE_EXTERN = NO;
				GCC_OPTIMIZATION_LEVEL = 0;
				GCC_SYMBOLS_PRIVATE_EXTERN = NO;
				GCC_UNROLL_LOOPS = YES;
				GCC_WARN_64_TO_32_BIT_CONVERSION = YES;
				GCC_WARN_ABOUT_MISSING_FIELD_INITIALIZERS = YES;
				GCC_WARN_ABOUT_MISSING_NEWLINE = YES;
				GCC_WARN_ABOUT_MISSING_PROTOTYPES = YES;
				GCC_WARN_EFFECTIVE_CPLUSPLUS_VIOLATIONS = NO;
				GCC_WARN_FOUR_CHARACTER_CONSTANTS = YES;
				GCC_WARN_HIDDEN_VIRTUAL_FUNCTIONS = NO;
				GCC_WARN_INITIALIZER_NOT_FULLY_BRACKETED = YES;
				GCC_WARN_PROTOTYPE_CONVERSION = YES;
				GCC_WARN_SHADOW = NO;
				GCC_WARN_SIGN_COMPARE = YES;
				GCC_WARN_STRICT_SELECTOR_MATCH = YES;
				GCC_WARN_UNDECLARED_SELECTOR = YES;
				GCC_WARN_UNINITIALIZED_AUTOS = NO;
				GCC_WARN_UNKNOWN_PRAGMAS = YES;
				GCC_WARN_UNUSED_FUNCTION = YES;
				GCC_WARN_UNUSED_LABEL = YES;
				STANDARD_C_PLUS_PLUS_LIBRARY_TYPE = static; }; name = Debug; };
		C14BA6D7B3D866B1B16179E5 = { isa = XCBuildConfiguration; buildSettings = {
				ALWAYS_SEARCH_USER_PATHS = NO;
				GCC_C_LANGUAGE_STANDARD = c99;
				GCC_WARN_ABOUT_RETURN_TYPE = YES;
				GCC_WARN_CHECK_SWITCH_STATEMENTS = YES;
				GCC_WARN_UNUSED_VARIABLE = YES;
				GCC_WARN_MISSING_PARENTHESES = YES;
				GCC_WARN_NON_VIRTUAL_DESTRUCTOR = YES;
				GCC_WARN_TYPECHECK_CALLS_TO_PRINTF = YES;
				WARNING_CFLAGS = -Wreorder;
				GCC_MODEL_TUNING = G5;
				GCC_INLINES_ARE_PRIVATE_EXTERN = YES;
				ZERO_LINK = NO;
				DEBUG_INFORMATION_FORMAT = "dwarf";
				PRODUCT_NAME = "SlowBurn";
				DEAD_CODE_STRIPPING = YES;
				GCC_AUTO_VECTORIZATION = YES;
				GCC_DEBUGGING_SYMBOLS = full;
				GCC_DYNAMIC_NO_PIC = YES;
				GCC_ENABLE_FIX_AND_CONTINUE = YES;
				GCC_ENABLE_SSE3_EXTENSIONS = YES;
				GCC_ENABLE_SSE41_EXTENSIONS = YES;
				GCC_ENABLE_SSE42_EXTENSIONS = YES;
				GCC_ENABLE_SUPPLEMENTAL_SSE3_INSTRUCTIONS = YES;
				GCC_FAST_MATH = YES;
				GCC_INCREASE_PRECOMPILED_HEADER_SHARING = YES;
				GCC_INLINES_ARE_PRIVATE_EXTERN = NO;
				GCC_OPTIMIZATION_LEVEL = 0;
				GCC_SYMBOLS_PRIVATE_EXTERN = NO;
				GCC_UNROLL_LOOPS = YES;
				GCC_WARN_64_TO_32_BIT_CONVERSION = YES;
				GCC_WARN_ABOUT_MISSING_FIELD_INITIALIZERS = YES;
				GCC_WARN_ABOUT_MISSING_NEWLINE = YES;
				GCC_WARN_ABOUT_MISSING_PROTOTYPES = YES;
				GCC_WARN_EFFECTIVE_CPLUSPLUS_VIOLATIONS = NO;
				GCC_WARN_FOUR_CHARACTER_CONSTANTS = YES;
				GCC_WARN_HIDDEN_VIRTUAL_FUNCTIONS = NO;
				GCC_WARN_INITIALIZER_NOT_FULLY_BRACKETED = YES;
				GCC_WARN_PROTOTYPE_CONVERSION = YES;
				GCC_WARN_SHADOW = NO;
				GCC_WARN_SIGN_COMPARE = YES;
				GCC_WARN_STRICT_SELECTOR_MATCH = YES;
				GCC_WARN_UNDECLARED_SELECTOR = YES;
				GCC_WARN_UNINITIALIZED_AUTOS = NO;
				GCC_WARN_UNKNOWN_PRAGMAS = YES;
				GCC_WARN_UNUSED_FUNCTION = YES;
				GCC_WARN_UNUSED_LABEL = YES;
				STANDARD_C_PLUS_PLUS_LIBRARY_TYPE = static; }; name = Release; };
		893E5F8246FC8A270EE244AF = { isa = XCConfigurationList; buildConfigurations = (
				DEB5F46BDA21543C8C8367D1,
				C14BA6D7B3D866B1B16179E5 ); defaultConfigurationIsVisible = 0; defaultConfigurationName = Debug; };
		21706CCD365F336FADF26992 = { isa = XCConfigurationList; buildConfigurations = (
				5377AC3FFA2E5F427D98543D,
				ED1335A12586E43C83F4D205 ); defaultConfigurationIsVisible = 0; defaultConfigurationName = Debug; };
		0DAF7DB5AF9756110C33DE57 = { isa = PBXResourcesBuildPhase; buildActionMask = 2147483647; files = (  ); runOnlyForDeploymentPostprocessing = 0; };
		D94679246E83607D75451204 = { isa = PBXSourcesBuildPhase; buildActionMask = 2147483647; files = (
				2C1769081A0C558D3DEB815F,
				F3C71D0A09A497DD540BDC47,
				CEA3AD8AC9108603D6DC72E4,
				334582B865EEBE01CF794076,
				0E16D0AEC2919B355DA16807,
				8A012975FB5A843159C9EAB2,
				F695A5F754435FFF1BBF39A2,
				4A67855A8905D96A1754F638,
				A51D21A30E39CF89D4527B49,
				B7C20D85DC432ABBA9C5788B,
				686B4CCA29B4E9F51214F284,
				275FC2CB4F625481F9949BD4,
				D9A0CEA390511B32B3A30F19,
				0A7611657E9F39550947668A,
				61C7B929F75B8CD2FECB2C5C,
				682FEA626B4F5833D5883CCB,
				840D843C938CC5C3A12579BB,
				0FC2BB510E3A86FB0461CFF6,
				FB9D6B6494B7D212AB7748A4,
				24DABB356BADB2C2CF492145,
				E42534BA912A085B871A3CBF,
				9493D6E82AC776F57553EA07,
				0BDA969D031D960741E4EE1D,
				67BFEBCACDC2BBCAC6C95DD9,
				5810A92347C62B9D9BD06F65,
				056B4DDB7F767A9571EBFAAD,
				9E67A785EDFADE456960C6C8,
				E126D8D5EF294B2AF3DE83F6,
				312EBC44955D218167B6F2BD,
				384B71E9DCC3D4F188E6DA23,
				63C1595EA057B8D46F711CB1,
				8D55F9878B88F10AAA78D81E,
				20EAE2A54BD3553868FC58F5,
				56C33539C3BDF6C0635C649B,
				18B70ADB364DA1027C2B94F5,
				5D3E7E715D3B0A8B5C4E3EB1,
				86E5792D84097BD8BB61EE09,
				2F7E958AE5A312D60F118A82,
				89F1A75D47974B77CDEE9BA5,
				59FB8AC3928B86C761BFA8A8,
				1161FF33BD047BFDDCD73060,
				38CA921707A610D4F9C9719D,
				793C742FD167B2DABB2831FF,
				566E2FF678392D12348760BF,
				08E87E0508B707AD814F2D15,
				2F0FC50D060CB6D2A2718BCD,
				B76D5CBEE67D38F81713C401,
				2210EAEA046FBFB13AE633D3,
				EC4EB9FFACB5FF6303173EC4,
				D3A5A8AFD0D1BADA746FAC82,
				096D9DB8C08A19837DC2F2B8,
				03FE0637A61E54758FC0CF3C,
				7AAF5017443E60A17C538F10,
				2BC3C8761ACCCBE3EDB638A6,
				1EB19D5916A5FDA64F21EA12,
				387C723AAEF608E87E0508B7,
				379557F246807D11A7771276,
				785AA8C77B9775ED4000C7CC,
				B1E2470C12F134BEFBF21AA1,
				B1BD6133B79A77D755D20BEC,
				982BEF1AEDEF2FFFC19B7764,
				17BD0CB20A63972607F27909,
				06A708112332FF88983A0C4F,
				653BA961321CF6ED953DBDA9,
				CFA973B7FE0E1640D8CE1CBD,
				CCFEF9F5DA866711672661EA,
				A8EE5D424D31FBB7D2FD541F,
				AAEF73858505E9C2DB9BFDDD,
				B903EBFB8D0E8038D8875319,
				ECDF382B92B41ED101317D5E,
				25ABE572196882C352491F2F,
				DA25CB7A6EC9E2DA6AFEE700,
				ED374D055524994CBA7909A3,
				58D01F89F681D1D48EA1567D,
				74D06120DF51062FD2378776,
				7ED6DEA20EF9AA9B1F414259,
				28148A17687ABF20F246785F,
				A14F3C8D5D751C472428EAB6,
				509FB6478374D4D98DC79523,
				BC258616BDAACB8A16863AEA,
				24DB4EBB5AC5C6964BA73ECF,
				61C5B10123710440D037BA6B,
				8C8EF5F1B31CD2BD2443F5F0,
				AFD90C382871438C9B2526BE,
				C02C49FCD0CC569E489058CB,
				F9DC76BE825C10A0460824C1,
				7E97C22274C16FBA1EEEB24C,
				ED4397EE973B01B63A66FFA5 ); runOnlyForDeploymentPostprocessing = 0; };
		8D6B9A6D477EAB96FF270105 = { isa = PBXFrameworksBuildPhase; buildActionMask = 2147483647; files = (
				95BA3E8C27DF78EA837D3C00,
				3DE75D3D04B364B5C9CFCAD3,
				F1B382EA61590995A1352965,
				C78768BB861EBF30C5ECFD9E,
				4C34ABACFEF7C71697E313C5,
				A116092AF745C0C8021207F1,
				8803CFB53FE7FBD75AA056CB,
				1F5FE9ECA41F5DB6110A86E4,
				18AD8CEC06FEBA89E6C206F9,
				50C6578E11ADA25CB7A6EC9E,
				A34CC06D1BD4F2A038015233,
				6B1ADEEF25587FEE6CD88F49 ); runOnlyForDeploymentPostprocessing = 0; };
		5177F370FCF2CFB42FA17DC3 = { isa = PBXNativeTarget; buildConfigurationList = 21706CCD365F336FADF26992; buildPhases = (
				0DAF7DB5AF9756110C33DE57,
				D94679246E83607D75451204,
				8D6B9A6D477EAB96FF270105 ); buildRules = ( ); dependencies = ( ); name = tests; productName = tests; productReference = 87C5F902F5AF6EF45EC5B9EE; productInstallPath = /usr/bin; productType = "com.apple.product-type.tool"; };
		4C2186C9ED18EDA59BA7A21A = { isa = PBXProject; buildConfigurationList = 893E5F8246FC8A270EE244AF; compatibilityVersion = "Xcode 3.1"; hasScannedForEncodings = 0; mainGroup = 75152A8FCEF7850F7FCFC504; projectDirPath = ""; projectRoot = ""; targets = ( 5177F370FCF2CFB42FA17DC3 ); };
	};
	rootObject = 4C2186C9ED18EDA59BA7A21A;
}
