<?xml version="1.0" encoding="utf-8"?>

<Project ToolsVersion="4.0" xmlns="http://schemas.microsoft.com/developer/msbuild/2003">
  <ItemGroup>
    <Filter Include="Command">
      <UniqueIdentifier>{871FFE3C-0542-CF90-2D05-8F6FB78240CA}</UniqueIdentifier>
    </Filter>
    <Filter Include="Command\rec">
      <UniqueIdentifier>{AF1DF809-9FC7-BC34-CF1A-1880A634CE78}</UniqueIdentifier>
    </Filter>
    <Filter Include="Command\rec\data">
      <UniqueIdentifier>{D9F4B9D8-32A2-817A-219C-5D4303932AC6}</UniqueIdentifier>
    </Filter>
    <Filter Include="Command\rec\data\proto">
      <UniqueIdentifier>{38F35F62-B8A1-B5B2-5B48-2ACBD0B72E0A}</UniqueIdentifier>
    </Filter>
    <Filter Include="Command\rec\data\yaml">
      <UniqueIdentifier>{CD4AF28F-FB06-EFD8-0757-2278B8F101A2}</UniqueIdentifier>
    </Filter>
    <Filter Include="Command\rec\data\yaml\include">
      <UniqueIdentifier>{5A9BF79B-BE09-62AA-27AC-69BF5C46230E}</UniqueIdentifier>
    </Filter>
    <Filter Include="Command\rec\data\yaml\include\yaml-cpp">
      <UniqueIdentifier>{D366408A-7793-296E-BE65-05E8FF30AD10}</UniqueIdentifier>
    </Filter>
    <Filter Include="Command\rec\data\yaml\src">
      <UniqueIdentifier>{9303F9E0-B910-14AA-5BD0-E00F9C6502C3}</UniqueIdentifier>
    </Filter>
    <Filter Include="Command\proto">
      <UniqueIdentifier>{CE80B817-998A-4018-8BA2-4DC4D5031B42}</UniqueIdentifier>
    </Filter>
    <Filter Include="Command\proto\rec">
      <UniqueIdentifier>{C9FE297F-34B2-3721-32A3-53AAF669EC78}</UniqueIdentifier>
    </Filter>
    <Filter Include="Command\proto\rec\audio">
      <UniqueIdentifier>{32AAB315-2AB4-5584-E31D-0EFC45DEEECE}</UniqueIdentifier>
    </Filter>
    <Filter Include="Command\proto\rec\audio\source">
      <UniqueIdentifier>{89B774F6-2146-CFBD-E899-A7230971F7CC}</UniqueIdentifier>
    </Filter>
    <Filter Include="Command\proto\rec\audio\stretch">
      <UniqueIdentifier>{62E31C44-E93A-2D64-EB5A-DA54CB2CFBB1}</UniqueIdentifier>
    </Filter>
    <Filter Include="Command\proto\rec\audio\util">
      <UniqueIdentifier>{31F5A667-524F-B005-D872-340E103CE2C4}</UniqueIdentifier>
    </Filter>
    <Filter Include="Command\proto\rec\command">
      <UniqueIdentifier>{7B8DA5E1-1BD5-C8FD-0281-AE67697025B2}</UniqueIdentifier>
    </Filter>
    <Filter Include="Command\proto\rec\command\map">
      <UniqueIdentifier>{8961241F-AC22-E6B7-E979-F3724EA20E1F}</UniqueIdentifier>
    </Filter>
    <Filter Include="Command\proto\rec\data">
      <UniqueIdentifier>{C05C1146-5E54-7DAD-245E-6B13AFE508D3}</UniqueIdentifier>
    </Filter>
    <Filter Include="Command\proto\rec\data\proto">
      <UniqueIdentifier>{6CCBFE12-62C0-1537-6C2E-18C38CCCCCFF}</UniqueIdentifier>
    </Filter>
    <Filter Include="Command\proto\rec\gui">
      <UniqueIdentifier>{B864E837-E4FB-1569-E161-F32F5B5FB293}</UniqueIdentifier>
    </Filter>
    <Filter Include="Command\proto\rec\music">
      <UniqueIdentifier>{A88A4BBF-DD5F-4840-0E46-0A9D75B66B8F}</UniqueIdentifier>
    </Filter>
    <Filter Include="Command\proto\rec\slow">
      <UniqueIdentifier>{18AD2EF2-0CD4-0749-0BBB-8F85E72EF936}</UniqueIdentifier>
    </Filter>
    <Filter Include="Command\proto\rec\util">
      <UniqueIdentifier>{898E9355-1752-542D-D9D7-7C13ED58BB15}</UniqueIdentifier>
    </Filter>
    <Filter Include="Command\proto\rec\util\file">
      <UniqueIdentifier>{B2A9FAEC-6C81-C133-7933-FE531C44FFED}</UniqueIdentifier>
    </Filter>
    <Filter Include="Command\proto\rec\util\thread">
      <UniqueIdentifier>{94E12AB0-C25E-CDCA-0944-53BE8092FD96}</UniqueIdentifier>
    </Filter>
    <Filter Include="Command\proto\rec\widget">
      <UniqueIdentifier>{6488170C-90A4-60E1-2060-4DF1B3DDCDF4}</UniqueIdentifier>
    </Filter>
    <Filter Include="Command\proto\rec\widget\status">
      <UniqueIdentifier>{8D23EA51-BC00-3C0D-D921-E29678F7AE97}</UniqueIdentifier>
    </Filter>
    <Filter Include="Command\proto\rec\widget\tree">
      <UniqueIdentifier>{5822D130-5B72-58B0-6760-AC6FE3B33110}</UniqueIdentifier>
    </Filter>
    <Filter Include="Command\proto\rec\widget\waveform">
      <UniqueIdentifier>{4FC642CD-F07D-679A-8993-3E2FDF9530AA}</UniqueIdentifier>
    </Filter>
    <Filter Include="Juce Library Code">
      <UniqueIdentifier>{F7048EA6-F4B2-F31B-E402-E05D678A1111}</UniqueIdentifier>
    </Filter>
  </ItemGroup>
  <ItemGroup>
    <ClCompile Include="..\..\..\..\src\rec\data\Address.cpp">
      <Filter>Command\rec\data</Filter>
    </ClCompile>
    <ClCompile Include="..\..\..\..\src\rec\data\Data.cpp">
      <Filter>Command\rec\data</Filter>
    </ClCompile>
    <ClCompile Include="..\..\..\..\src\rec\data\DataCenter.cpp">
      <Filter>Command\rec\data</Filter>
    </ClCompile>
    <ClCompile Include="..\..\..\..\src\rec\data\DataImpl.cpp">
      <Filter>Command\rec\data</Filter>
    </ClCompile>
    <ClCompile Include="..\..\..\..\src\rec\data\DataMap.cpp">
      <Filter>Command\rec\data</Filter>
    </ClCompile>
    <ClCompile Include="..\..\..\..\src\rec\data\DataMapImpl.cpp">
      <Filter>Command\rec\data</Filter>
    </ClCompile>
    <ClCompile Include="..\..\..\..\src\rec\data\DataOps.cpp">
      <Filter>Command\rec\data</Filter>
    </ClCompile>
    <ClCompile Include="..\..\..\..\src\rec\data\DataUpdater.cpp">
      <Filter>Command\rec\data</Filter>
    </ClCompile>
    <ClCompile Include="..\..\..\..\src\rec\data\MessageRegistryAndMaker.cpp">
      <Filter>Command\rec\data</Filter>
    </ClCompile>
    <ClCompile Include="..\..\..\..\src\rec\data\proto\Equals.cpp">
      <Filter>Command\rec\data\proto</Filter>
    </ClCompile>
    <ClCompile Include="..\..\..\..\src\rec\data\proto\Field.cpp">
      <Filter>Command\rec\data\proto</Filter>
    </ClCompile>
    <ClCompile Include="..\..\..\..\src\rec\data\proto\FieldOps.cpp">
      <Filter>Command\rec\data\proto</Filter>
    </ClCompile>
    <ClCompile Include="..\..\..\..\src\rec\data\proto\MessageField.cpp">
      <Filter>Command\rec\data\proto</Filter>
    </ClCompile>
    <ClCompile Include="..\..\..\..\src\rec\data\proto\TypedOperations.cpp">
      <Filter>Command\rec\data\proto</Filter>
    </ClCompile>
    <ClCompile Include="..\..\..\..\src\rec\data\proto\TypedTyper.cpp">
      <Filter>Command\rec\data\proto</Filter>
    </ClCompile>
    <ClCompile Include="..\..\..\..\src\rec\data\UndoStack.cpp">
      <Filter>Command\rec\data</Filter>
    </ClCompile>
    <ClCompile Include="..\..\..\..\src\rec\data\UntypedDataListener.cpp">
      <Filter>Command\rec\data</Filter>
    </ClCompile>
    <ClCompile Include="..\..\..\..\src\rec\data\Value.cpp">
      <Filter>Command\rec\data</Filter>
    </ClCompile>
    <ClCompile Include="..\..\..\..\src\rec\data\yaml\ReadYaml.cpp">
      <Filter>Command\rec\data\yaml</Filter>
    </ClCompile>
    <ClCompile Include="..\..\..\..\src\rec\data\yaml\src\aliascontent.cpp">
      <Filter>Command\rec\data\yaml\src</Filter>
    </ClCompile>
    <ClCompile Include="..\..\..\..\src\rec\data\yaml\src\aliasmanager.cpp">
      <Filter>Command\rec\data\yaml\src</Filter>
    </ClCompile>
    <ClCompile Include="..\..\..\..\src\rec\data\yaml\src\content.cpp">
      <Filter>Command\rec\data\yaml\src</Filter>
    </ClCompile>
    <ClCompile Include="..\..\..\..\src\rec\data\yaml\src\conversion.cpp">
      <Filter>Command\rec\data\yaml\src</Filter>
    </ClCompile>
    <ClCompile Include="..\..\..\..\src\rec\data\yaml\src\directives.cpp">
      <Filter>Command\rec\data\yaml\src</Filter>
    </ClCompile>
    <ClCompile Include="..\..\..\..\src\rec\data\yaml\src\emitfromevents.cpp">
      <Filter>Command\rec\data\yaml\src</Filter>
    </ClCompile>
    <ClCompile Include="..\..\..\..\src\rec\data\yaml\src\emitter.cpp">
      <Filter>Command\rec\data\yaml\src</Filter>
    </ClCompile>
    <ClCompile Include="..\..\..\..\src\rec\data\yaml\src\emitterstate.cpp">
      <Filter>Command\rec\data\yaml\src</Filter>
    </ClCompile>
    <ClCompile Include="..\..\..\..\src\rec\data\yaml\src\emitterutils.cpp">
      <Filter>Command\rec\data\yaml\src</Filter>
    </ClCompile>
    <ClCompile Include="..\..\..\..\src\rec\data\yaml\src\exp.cpp">
      <Filter>Command\rec\data\yaml\src</Filter>
    </ClCompile>
    <ClCompile Include="..\..\..\..\src\rec\data\yaml\src\iterator.cpp">
      <Filter>Command\rec\data\yaml\src</Filter>
    </ClCompile>
    <ClCompile Include="..\..\..\..\src\rec\data\yaml\src\map.cpp">
      <Filter>Command\rec\data\yaml\src</Filter>
    </ClCompile>
    <ClCompile Include="..\..\..\..\src\rec\data\yaml\src\node.cpp">
      <Filter>Command\rec\data\yaml\src</Filter>
    </ClCompile>
    <ClCompile Include="..\..\..\..\src\rec\data\yaml\src\nodebuilder.cpp">
      <Filter>Command\rec\data\yaml\src</Filter>
    </ClCompile>
    <ClCompile Include="..\..\..\..\src\rec\data\yaml\src\null.cpp">
      <Filter>Command\rec\data\yaml\src</Filter>
    </ClCompile>
    <ClCompile Include="..\..\..\..\src\rec\data\yaml\src\ostream.cpp">
      <Filter>Command\rec\data\yaml\src</Filter>
    </ClCompile>
    <ClCompile Include="..\..\..\..\src\rec\data\yaml\src\parser.cpp">
      <Filter>Command\rec\data\yaml\src</Filter>
    </ClCompile>
    <ClCompile Include="..\..\..\..\src\rec\data\yaml\src\parserstate.cpp">
      <Filter>Command\rec\data\yaml\src</Filter>
    </ClCompile>
    <ClCompile Include="..\..\..\..\src\rec\data\yaml\src\regex.cpp">
      <Filter>Command\rec\data\yaml\src</Filter>
    </ClCompile>
    <ClCompile Include="..\..\..\..\src\rec\data\yaml\src\scalar.cpp">
      <Filter>Command\rec\data\yaml\src</Filter>
    </ClCompile>
    <ClCompile Include="..\..\..\..\src\rec\data\yaml\src\scanner.cpp">
      <Filter>Command\rec\data\yaml\src</Filter>
    </ClCompile>
    <ClCompile Include="..\..\..\..\src\rec\data\yaml\src\scanscalar.cpp">
      <Filter>Command\rec\data\yaml\src</Filter>
    </ClCompile>
    <ClCompile Include="..\..\..\..\src\rec\data\yaml\src\scantag.cpp">
      <Filter>Command\rec\data\yaml\src</Filter>
    </ClCompile>
    <ClCompile Include="..\..\..\..\src\rec\data\yaml\src\scantoken.cpp">
      <Filter>Command\rec\data\yaml\src</Filter>
    </ClCompile>
    <ClCompile Include="..\..\..\..\src\rec\data\yaml\src\sequence.cpp">
      <Filter>Command\rec\data\yaml\src</Filter>
    </ClCompile>
    <ClCompile Include="..\..\..\..\src\rec\data\yaml\src\simplekey.cpp">
      <Filter>Command\rec\data\yaml\src</Filter>
    </ClCompile>
    <ClCompile Include="..\..\..\..\src\rec\data\yaml\src\singledocparser.cpp">
      <Filter>Command\rec\data\yaml\src</Filter>
    </ClCompile>
    <ClCompile Include="..\..\..\..\src\rec\data\yaml\src\stream.cpp">
      <Filter>Command\rec\data\yaml\src</Filter>
    </ClCompile>
    <ClCompile Include="..\..\..\..\src\rec\data\yaml\src\tag.cpp">
      <Filter>Command\rec\data\yaml\src</Filter>
    </ClCompile>
    <ClCompile Include="..\..\..\..\src\rec\data\yaml\WriteYaml.cpp">
      <Filter>Command\rec\data\yaml</Filter>
    </ClCompile>
    <ClCompile Include="..\..\..\..\genfiles\proto\rec\audio\source\Runny.pb.cc">
      <Filter>Command\proto\rec\audio\source</Filter>
    </ClCompile>
    <ClCompile Include="..\..\..\..\genfiles\proto\rec\audio\source\Stereo.pb.cc">
      <Filter>Command\proto\rec\audio\source</Filter>
    </ClCompile>
    <ClCompile Include="..\..\..\..\genfiles\proto\rec\audio\stretch\Stretch.pb.cc">
      <Filter>Command\proto\rec\audio\stretch</Filter>
    </ClCompile>
    <ClCompile Include="..\..\..\..\genfiles\proto\rec\audio\util\Gain.pb.cc">
      <Filter>Command\proto\rec\audio\util</Filter>
    </ClCompile>
    <ClCompile Include="..\..\..\..\genfiles\proto\rec\command\Access.pb.cc">
      <Filter>Command\proto\rec\command</Filter>
    </ClCompile>
    <ClCompile Include="..\..\..\..\genfiles\proto\rec\command\Command.pb.cc">
      <Filter>Command\proto\rec\command</Filter>
    </ClCompile>
    <ClCompile Include="..\..\..\..\genfiles\proto\rec\command\map\CommandMap.pb.cc">
      <Filter>Command\proto\rec\command\map</Filter>
    </ClCompile>
    <ClCompile Include="..\..\..\..\genfiles\proto\rec\data\Operation.pb.cc">
      <Filter>Command\proto\rec\data</Filter>
    </ClCompile>
    <ClCompile Include="..\..\..\..\genfiles\proto\rec\data\proto\Address.pb.cc">
      <Filter>Command\proto\rec\data\proto</Filter>
    </ClCompile>
    <ClCompile Include="..\..\..\..\genfiles\proto\rec\data\proto\TestData.pb.cc">
      <Filter>Command\proto\rec\data\proto</Filter>
    </ClCompile>
    <ClCompile Include="..\..\..\..\genfiles\proto\rec\data\proto\Value.pb.cc">
      <Filter>Command\proto\rec\data\proto</Filter>
    </ClCompile>
    <ClCompile Include="..\..\..\..\genfiles\proto\rec\gui\Color.pb.cc">
      <Filter>Command\proto\rec\gui</Filter>
    </ClCompile>
    <ClCompile Include="..\..\..\..\genfiles\proto\rec\gui\Font.pb.cc">
      <Filter>Command\proto\rec\gui</Filter>
    </ClCompile>
    <ClCompile Include="..\..\..\..\genfiles\proto\rec\gui\Geometry.pb.cc">
      <Filter>Command\proto\rec\gui</Filter>
    </ClCompile>
    <ClCompile Include="..\..\..\..\genfiles\proto\rec\gui\RecentFiles.pb.cc">
      <Filter>Command\proto\rec\gui</Filter>
    </ClCompile>
    <ClCompile Include="..\..\..\..\genfiles\proto\rec\gui\TableColumn.pb.cc">
      <Filter>Command\proto\rec\gui</Filter>
    </ClCompile>
    <ClCompile Include="..\..\..\..\genfiles\proto\rec\gui\WindowPosition.pb.cc">
      <Filter>Command\proto\rec\gui</Filter>
    </ClCompile>
    <ClCompile Include="..\..\..\..\genfiles\proto\rec\music\Metadata.pb.cc">
      <Filter>Command\proto\rec\music</Filter>
    </ClCompile>
    <ClCompile Include="..\..\..\..\genfiles\proto\rec\slow\AppLayout.pb.cc">
      <Filter>Command\proto\rec\slow</Filter>
    </ClCompile>
    <ClCompile Include="..\..\..\..\genfiles\proto\rec\slow\GuiSettings.pb.cc">
      <Filter>Command\proto\rec\slow</Filter>
    </ClCompile>
    <ClCompile Include="..\..\..\..\genfiles\proto\rec\util\file\VirtualFile.pb.cc">
      <Filter>Command\proto\rec\util\file</Filter>
    </ClCompile>
    <ClCompile Include="..\..\..\..\genfiles\proto\rec\util\LoopPoint.pb.cc">
      <Filter>Command\proto\rec\util</Filter>
    </ClCompile>
    <ClCompile Include="..\..\..\..\genfiles\proto\rec\util\Mode.pb.cc">
      <Filter>Command\proto\rec\util</Filter>
    </ClCompile>
    <ClCompile Include="..\..\..\..\genfiles\proto\rec\util\thread\Thread.pb.cc">
      <Filter>Command\proto\rec\util\thread</Filter>
    </ClCompile>
    <ClCompile Include="..\..\..\..\genfiles\proto\rec\widget\Panes.pb.cc">
      <Filter>Command\proto\rec\widget</Filter>
    </ClCompile>
    <ClCompile Include="..\..\..\..\genfiles\proto\rec\widget\status\Status.pb.cc">
      <Filter>Command\proto\rec\widget\status</Filter>
    </ClCompile>
    <ClCompile Include="..\..\..\..\genfiles\proto\rec\widget\status\Time.pb.cc">
      <Filter>Command\proto\rec\widget\status</Filter>
    </ClCompile>
    <ClCompile Include="..\..\..\..\genfiles\proto\rec\widget\tree\NavigatorConfig.pb.cc">
      <Filter>Command\proto\rec\widget\tree</Filter>
    </ClCompile>
    <ClCompile Include="..\..\..\..\genfiles\proto\rec\widget\tree\Node.pb.cc">
      <Filter>Command\proto\rec\widget\tree</Filter>
    </ClCompile>
    <ClCompile Include="..\..\..\..\genfiles\proto\rec\widget\tree\Path.pb.cc">
      <Filter>Command\proto\rec\widget\tree</Filter>
    </ClCompile>
    <ClCompile Include="..\..\..\..\genfiles\proto\rec\widget\waveform\Cursor.pb.cc">
      <Filter>Command\proto\rec\widget\waveform</Filter>
    </ClCompile>
    <ClCompile Include="..\..\..\..\genfiles\proto\rec\widget\waveform\Waveform.pb.cc">
      <Filter>Command\proto\rec\widget\waveform</Filter>
    </ClCompile>
    <ClCompile Include="..\..\..\..\genfiles\proto\rec\widget\waveform\Zoom.pb.cc">
      <Filter>Command\proto\rec\widget\waveform</Filter>
    </ClCompile>
    <ClCompile Include="..\..\..\..\genfiles\proto\rec\widget\Widget.pb.cc">
      <Filter>Command\proto\rec\widget</Filter>
    </ClCompile>
    <ClCompile Include="..\..\Main.cpp">
      <Filter>Command</Filter>
    </ClCompile>
    <ClCompile Include="..\..\JuceLibraryCode\JuceLibraryCode.cpp">
      <Filter>Juce Library Code</Filter>
    </ClCompile>
  </ItemGroup>
  <ItemGroup>
    <ClInclude Include="..\..\..\..\src\rec\data\Address.h">
      <Filter>Command\rec\data</Filter>
    </ClInclude>
    <ClInclude Include="..\..\..\..\src\rec\data\AddressListener.h">
      <Filter>Command\rec\data</Filter>
    </ClInclude>
    <ClInclude Include="..\..\..\..\src\rec\data\Data.h">
      <Filter>Command\rec\data</Filter>
    </ClInclude>
    <ClInclude Include="..\..\..\..\src\rec\data\DataCenter.h">
      <Filter>Command\rec\data</Filter>
    </ClInclude>
    <ClInclude Include="..\..\..\..\src\rec\data\DataImpl.h">
      <Filter>Command\rec\data</Filter>
    </ClInclude>
    <ClInclude Include="..\..\..\..\src\rec\data\DataListener.h">
      <Filter>Command\rec\data</Filter>
    </ClInclude>
    <ClInclude Include="..\..\..\..\src\rec\data\DataMaker.h">
      <Filter>Command\rec\data</Filter>
    </ClInclude>
    <ClInclude Include="..\..\..\..\src\rec\data\DataMakerImpl.h">
      <Filter>Command\rec\data</Filter>
    </ClInclude>
    <ClInclude Include="..\..\..\..\src\rec\data\DataMap.h">
      <Filter>Command\rec\data</Filter>
    </ClInclude>
    <ClInclude Include="..\..\..\..\src\rec\data\DataMapImpl.h">
      <Filter>Command\rec\data</Filter>
    </ClInclude>
    <ClInclude Include="..\..\..\..\src\rec\data\DataOps.h">
      <Filter>Command\rec\data</Filter>
    </ClInclude>
    <ClInclude Include="..\..\..\..\src\rec\data\DataUpdater.h">
      <Filter>Command\rec\data</Filter>
    </ClInclude>
    <ClInclude Include="..\..\..\..\src\rec\data\MessageMaker.h">
      <Filter>Command\rec\data</Filter>
    </ClInclude>
    <ClInclude Include="..\..\..\..\src\rec\data\MessageRegistry.h">
      <Filter>Command\rec\data</Filter>
    </ClInclude>
    <ClInclude Include="..\..\..\..\src\rec\data\MessageRegistryAndMaker.h">
      <Filter>Command\rec\data</Filter>
    </ClInclude>
    <ClInclude Include="..\..\..\..\src\rec\data\Opener.h">
      <Filter>Command\rec\data</Filter>
    </ClInclude>
    <ClInclude Include="..\..\..\..\src\rec\data\proto\Comparer.h">
      <Filter>Command\rec\data\proto</Filter>
    </ClInclude>
    <ClInclude Include="..\..\..\..\src\rec\data\proto\Equals.h">
      <Filter>Command\rec\data\proto</Filter>
    </ClInclude>
    <ClInclude Include="..\..\..\..\src\rec\data\proto\Field.h">
      <Filter>Command\rec\data\proto</Filter>
    </ClInclude>
    <ClInclude Include="..\..\..\..\src\rec\data\proto\FieldOps.h">
      <Filter>Command\rec\data\proto</Filter>
    </ClInclude>
    <ClInclude Include="..\..\..\..\src\rec\data\proto\GetProtoName.h">
      <Filter>Command\rec\data\proto</Filter>
    </ClInclude>
    <ClInclude Include="..\..\..\..\src\rec\data\proto\MessageField.h">
      <Filter>Command\rec\data\proto</Filter>
    </ClInclude>
    <ClInclude Include="..\..\..\..\src\rec\data\proto\NameToProto.h">
      <Filter>Command\rec\data\proto</Filter>
    </ClInclude>
    <ClInclude Include="..\..\..\..\src\rec\data\proto\TypedOperations.h">
      <Filter>Command\rec\data\proto</Filter>
    </ClInclude>
    <ClInclude Include="..\..\..\..\src\rec\data\proto\TypedTyper.h">
      <Filter>Command\rec\data\proto</Filter>
    </ClInclude>
    <ClInclude Include="..\..\..\..\src\rec\data\proto\Typer.h">
      <Filter>Command\rec\data\proto</Filter>
    </ClInclude>
    <ClInclude Include="..\..\..\..\src\rec\data\proto\Types.h">
      <Filter>Command\rec\data\proto</Filter>
    </ClInclude>
    <ClInclude Include="..\..\..\..\src\rec\data\UndoStack.h">
      <Filter>Command\rec\data</Filter>
    </ClInclude>
    <ClInclude Include="..\..\..\..\src\rec\data\UntypedDataListener.h">
      <Filter>Command\rec\data</Filter>
    </ClInclude>
    <ClInclude Include="..\..\..\..\src\rec\data\Value.h">
      <Filter>Command\rec\data</Filter>
    </ClInclude>
    <ClInclude Include="..\..\..\..\src\rec\data\yaml\include\yaml-cpp\aliasmanager.h">
      <Filter>Command\rec\data\yaml\include\yaml-cpp</Filter>
    </ClInclude>
    <ClInclude Include="..\..\..\..\src\rec\data\yaml\include\yaml-cpp\anchor.h">
      <Filter>Command\rec\data\yaml\include\yaml-cpp</Filter>
    </ClInclude>
    <ClInclude Include="..\..\..\..\src\rec\data\yaml\include\yaml-cpp\conversion.h">
      <Filter>Command\rec\data\yaml\include\yaml-cpp</Filter>
    </ClInclude>
    <ClInclude Include="..\..\..\..\src\rec\data\yaml\include\yaml-cpp\emitfromevents.h">
      <Filter>Command\rec\data\yaml\include\yaml-cpp</Filter>
    </ClInclude>
    <ClInclude Include="..\..\..\..\src\rec\data\yaml\include\yaml-cpp\emitter.h">
      <Filter>Command\rec\data\yaml\include\yaml-cpp</Filter>
    </ClInclude>
    <ClInclude Include="..\..\..\..\src\rec\data\yaml\include\yaml-cpp\emittermanip.h">
      <Filter>Command\rec\data\yaml\include\yaml-cpp</Filter>
    </ClInclude>
    <ClInclude Include="..\..\..\..\src\rec\data\yaml\include\yaml-cpp\eventhandler.h">
      <Filter>Command\rec\data\yaml\include\yaml-cpp</Filter>
    </ClInclude>
    <ClInclude Include="..\..\..\..\src\rec\data\yaml\include\yaml-cpp\exceptions.h">
      <Filter>Command\rec\data\yaml\include\yaml-cpp</Filter>
    </ClInclude>
    <ClInclude Include="..\..\..\..\src\rec\data\yaml\include\yaml-cpp\iterator.h">
      <Filter>Command\rec\data\yaml\include\yaml-cpp</Filter>
    </ClInclude>
    <ClInclude Include="..\..\..\..\src\rec\data\yaml\include\yaml-cpp\mark.h">
      <Filter>Command\rec\data\yaml\include\yaml-cpp</Filter>
    </ClInclude>
    <ClInclude Include="..\..\..\..\src\rec\data\yaml\include\yaml-cpp\node.h">
      <Filter>Command\rec\data\yaml\include\yaml-cpp</Filter>
    </ClInclude>
    <ClInclude Include="..\..\..\..\src\rec\data\yaml\include\yaml-cpp\nodeimpl.h">
      <Filter>Command\rec\data\yaml\include\yaml-cpp</Filter>
    </ClInclude>
    <ClInclude Include="..\..\..\..\src\rec\data\yaml\include\yaml-cpp\nodeproperties.h">
      <Filter>Command\rec\data\yaml\include\yaml-cpp</Filter>
    </ClInclude>
    <ClInclude Include="..\..\..\..\src\rec\data\yaml\include\yaml-cpp\nodereadimpl.h">
      <Filter>Command\rec\data\yaml\include\yaml-cpp</Filter>
    </ClInclude>
    <ClInclude Include="..\..\..\..\src\rec\data\yaml\include\yaml-cpp\nodeutil.h">
      <Filter>Command\rec\data\yaml\include\yaml-cpp</Filter>
    </ClInclude>
    <ClInclude Include="..\..\..\..\src\rec\data\yaml\include\yaml-cpp\noncopyable.h">
      <Filter>Command\rec\data\yaml\include\yaml-cpp</Filter>
    </ClInclude>
    <ClInclude Include="..\..\..\..\src\rec\data\yaml\include\yaml-cpp\null.h">
      <Filter>Command\rec\data\yaml\include\yaml-cpp</Filter>
    </ClInclude>
    <ClInclude Include="..\..\..\..\src\rec\data\yaml\include\yaml-cpp\ostream.h">
      <Filter>Command\rec\data\yaml\include\yaml-cpp</Filter>
    </ClInclude>
    <ClInclude Include="..\..\..\..\src\rec\data\yaml\include\yaml-cpp\parser.h">
      <Filter>Command\rec\data\yaml\include\yaml-cpp</Filter>
    </ClInclude>
    <ClInclude Include="..\..\..\..\src\rec\data\yaml\include\yaml-cpp\stlemitter.h">
      <Filter>Command\rec\data\yaml\include\yaml-cpp</Filter>
    </ClInclude>
    <ClInclude Include="..\..\..\..\src\rec\data\yaml\include\yaml-cpp\stlnode.h">
      <Filter>Command\rec\data\yaml\include\yaml-cpp</Filter>
    </ClInclude>
    <ClInclude Include="..\..\..\..\src\rec\data\yaml\include\yaml-cpp\traits.h">
      <Filter>Command\rec\data\yaml\include\yaml-cpp</Filter>
    </ClInclude>
    <ClInclude Include="..\..\..\..\src\rec\data\yaml\include\yaml-cpp\yaml.h">
      <Filter>Command\rec\data\yaml\include\yaml-cpp</Filter>
    </ClInclude>
    <ClInclude Include="..\..\..\..\src\rec\data\yaml\Internal.h">
      <Filter>Command\rec\data\yaml</Filter>
    </ClInclude>
    <ClInclude Include="..\..\..\..\src\rec\data\yaml\src\aliascontent.h">
      <Filter>Command\rec\data\yaml\src</Filter>
    </ClInclude>
    <ClInclude Include="..\..\..\..\src\rec\data\yaml\src\collectionstack.h">
      <Filter>Command\rec\data\yaml\src</Filter>
    </ClInclude>
    <ClInclude Include="..\..\..\..\src\rec\data\yaml\src\content.h">
      <Filter>Command\rec\data\yaml\src</Filter>
    </ClInclude>
    <ClInclude Include="..\..\..\..\src\rec\data\yaml\src\directives.h">
      <Filter>Command\rec\data\yaml\src</Filter>
    </ClInclude>
    <ClInclude Include="..\..\..\..\src\rec\data\yaml\src\emitterstate.h">
      <Filter>Command\rec\data\yaml\src</Filter>
    </ClInclude>
    <ClInclude Include="..\..\..\..\src\rec\data\yaml\src\emitterutils.h">
      <Filter>Command\rec\data\yaml\src</Filter>
    </ClInclude>
    <ClInclude Include="..\..\..\..\src\rec\data\yaml\src\exp.h">
      <Filter>Command\rec\data\yaml\src</Filter>
    </ClInclude>
    <ClInclude Include="..\..\..\..\src\rec\data\yaml\src\indentation.h">
      <Filter>Command\rec\data\yaml\src</Filter>
    </ClInclude>
    <ClInclude Include="..\..\..\..\src\rec\data\yaml\src\iterpriv.h">
      <Filter>Command\rec\data\yaml\src</Filter>
    </ClInclude>
    <ClInclude Include="..\..\..\..\src\rec\data\yaml\src\ltnode.h">
      <Filter>Command\rec\data\yaml\src</Filter>
    </ClInclude>
    <ClInclude Include="..\..\..\..\src\rec\data\yaml\src\map.h">
      <Filter>Command\rec\data\yaml\src</Filter>
    </ClInclude>
    <ClInclude Include="..\..\..\..\src\rec\data\yaml\src\nodebuilder.h">
      <Filter>Command\rec\data\yaml\src</Filter>
    </ClInclude>
    <ClInclude Include="..\..\..\..\src\rec\data\yaml\src\parserstate.h">
      <Filter>Command\rec\data\yaml\src</Filter>
    </ClInclude>
    <ClInclude Include="..\..\..\..\src\rec\data\yaml\src\ptr_stack.h">
      <Filter>Command\rec\data\yaml\src</Filter>
    </ClInclude>
    <ClInclude Include="..\..\..\..\src\rec\data\yaml\src\regex.h">
      <Filter>Command\rec\data\yaml\src</Filter>
    </ClInclude>
    <ClInclude Include="..\..\..\..\src\rec\data\yaml\src\regeximpl.h">
      <Filter>Command\rec\data\yaml\src</Filter>
    </ClInclude>
    <ClInclude Include="..\..\..\..\src\rec\data\yaml\src\scalar.h">
      <Filter>Command\rec\data\yaml\src</Filter>
    </ClInclude>
    <ClInclude Include="..\..\..\..\src\rec\data\yaml\src\scanner.h">
      <Filter>Command\rec\data\yaml\src</Filter>
    </ClInclude>
    <ClInclude Include="..\..\..\..\src\rec\data\yaml\src\scanscalar.h">
      <Filter>Command\rec\data\yaml\src</Filter>
    </ClInclude>
    <ClInclude Include="..\..\..\..\src\rec\data\yaml\src\scantag.h">
      <Filter>Command\rec\data\yaml\src</Filter>
    </ClInclude>
    <ClInclude Include="..\..\..\..\src\rec\data\yaml\src\sequence.h">
      <Filter>Command\rec\data\yaml\src</Filter>
    </ClInclude>
    <ClInclude Include="..\..\..\..\src\rec\data\yaml\src\setting.h">
      <Filter>Command\rec\data\yaml\src</Filter>
    </ClInclude>
    <ClInclude Include="..\..\..\..\src\rec\data\yaml\src\singledocparser.h">
      <Filter>Command\rec\data\yaml\src</Filter>
    </ClInclude>
    <ClInclude Include="..\..\..\..\src\rec\data\yaml\src\stream.h">
      <Filter>Command\rec\data\yaml\src</Filter>
    </ClInclude>
    <ClInclude Include="..\..\..\..\src\rec\data\yaml\src\streamcharsource.h">
      <Filter>Command\rec\data\yaml\src</Filter>
    </ClInclude>
    <ClInclude Include="..\..\..\..\src\rec\data\yaml\src\stringsource.h">
      <Filter>Command\rec\data\yaml\src</Filter>
    </ClInclude>
    <ClInclude Include="..\..\..\..\src\rec\data\yaml\src\tag.h">
      <Filter>Command\rec\data\yaml\src</Filter>
    </ClInclude>
    <ClInclude Include="..\..\..\..\src\rec\data\yaml\src\token.h">
      <Filter>Command\rec\data\yaml\src</Filter>
    </ClInclude>
    <ClInclude Include="..\..\..\..\src\rec\data\yaml\Yaml.h">
      <Filter>Command\rec\data\yaml</Filter>
    </ClInclude>
    <ClInclude Include="..\..\..\..\genfiles\proto\rec\audio\source\Runny.pb.h">
      <Filter>Command\proto\rec\audio\source</Filter>
    </ClInclude>
    <ClInclude Include="..\..\..\..\genfiles\proto\rec\audio\source\Stereo.pb.h">
      <Filter>Command\proto\rec\audio\source</Filter>
    </ClInclude>
    <ClInclude Include="..\..\..\..\genfiles\proto\rec\audio\stretch\Stretch.pb.h">
      <Filter>Command\proto\rec\audio\stretch</Filter>
    </ClInclude>
    <ClInclude Include="..\..\..\..\genfiles\proto\rec\audio\util\Gain.pb.h">
      <Filter>Command\proto\rec\audio\util</Filter>
    </ClInclude>
    <ClInclude Include="..\..\..\..\genfiles\proto\rec\command\Access.pb.h">
      <Filter>Command\proto\rec\command</Filter>
    </ClInclude>
    <ClInclude Include="..\..\..\..\genfiles\proto\rec\command\Command.pb.h">
      <Filter>Command\proto\rec\command</Filter>
    </ClInclude>
    <ClInclude Include="..\..\..\..\genfiles\proto\rec\command\map\CommandMap.pb.h">
      <Filter>Command\proto\rec\command\map</Filter>
    </ClInclude>
    <ClInclude Include="..\..\..\..\genfiles\proto\rec\data\Operation.pb.h">
      <Filter>Command\proto\rec\data</Filter>
    </ClInclude>
    <ClInclude Include="..\..\..\..\genfiles\proto\rec\data\proto\Address.pb.h">
      <Filter>Command\proto\rec\data\proto</Filter>
    </ClInclude>
    <ClInclude Include="..\..\..\..\genfiles\proto\rec\data\proto\TestData.pb.h">
      <Filter>Command\proto\rec\data\proto</Filter>
    </ClInclude>
    <ClInclude Include="..\..\..\..\genfiles\proto\rec\data\proto\Value.pb.h">
      <Filter>Command\proto\rec\data\proto</Filter>
    </ClInclude>
    <ClInclude Include="..\..\..\..\genfiles\proto\rec\gui\Color.pb.h">
      <Filter>Command\proto\rec\gui</Filter>
    </ClInclude>
    <ClInclude Include="..\..\..\..\genfiles\proto\rec\gui\Font.pb.h">
      <Filter>Command\proto\rec\gui</Filter>
    </ClInclude>
    <ClInclude Include="..\..\..\..\genfiles\proto\rec\gui\Geometry.pb.h">
      <Filter>Command\proto\rec\gui</Filter>
    </ClInclude>
    <ClInclude Include="..\..\..\..\genfiles\proto\rec\gui\RecentFiles.pb.h">
      <Filter>Command\proto\rec\gui</Filter>
    </ClInclude>
    <ClInclude Include="..\..\..\..\genfiles\proto\rec\gui\TableColumn.pb.h">
      <Filter>Command\proto\rec\gui</Filter>
    </ClInclude>
    <ClInclude Include="..\..\..\..\genfiles\proto\rec\gui\WindowPosition.pb.h">
      <Filter>Command\proto\rec\gui</Filter>
    </ClInclude>
    <ClInclude Include="..\..\..\..\genfiles\proto\rec\music\Metadata.pb.h">
      <Filter>Command\proto\rec\music</Filter>
    </ClInclude>
    <ClInclude Include="..\..\..\..\genfiles\proto\rec\slow\AppLayout.pb.h">
      <Filter>Command\proto\rec\slow</Filter>
    </ClInclude>
    <ClInclude Include="..\..\..\..\genfiles\proto\rec\slow\GuiSettings.pb.h">
      <Filter>Command\proto\rec\slow</Filter>
    </ClInclude>
    <ClInclude Include="..\..\..\..\genfiles\proto\rec\util\file\VirtualFile.pb.h">
      <Filter>Command\proto\rec\util\file</Filter>
    </ClInclude>
    <ClInclude Include="..\..\..\..\genfiles\proto\rec\util\LoopPoint.pb.h">
      <Filter>Command\proto\rec\util</Filter>
    </ClInclude>
    <ClInclude Include="..\..\..\..\genfiles\proto\rec\util\Mode.pb.h">
      <Filter>Command\proto\rec\util</Filter>
    </ClInclude>
    <ClInclude Include="..\..\..\..\genfiles\proto\rec\util\thread\Thread.pb.h">
      <Filter>Command\proto\rec\util\thread</Filter>
    </ClInclude>
    <ClInclude Include="..\..\..\..\genfiles\proto\rec\widget\Panes.pb.h">
      <Filter>Command\proto\rec\widget</Filter>
    </ClInclude>
    <ClInclude Include="..\..\..\..\genfiles\proto\rec\widget\status\Status.pb.h">
      <Filter>Command\proto\rec\widget\status</Filter>
    </ClInclude>
    <ClInclude Include="..\..\..\..\genfiles\proto\rec\widget\status\Time.pb.h">
      <Filter>Command\proto\rec\widget\status</Filter>
    </ClInclude>
    <ClInclude Include="..\..\..\..\genfiles\proto\rec\widget\tree\NavigatorConfig.pb.h">
      <Filter>Command\proto\rec\widget\tree</Filter>
    </ClInclude>
    <ClInclude Include="..\..\..\..\genfiles\proto\rec\widget\tree\Node.pb.h">
      <Filter>Command\proto\rec\widget\tree</Filter>
    </ClInclude>
    <ClInclude Include="..\..\..\..\genfiles\proto\rec\widget\tree\Path.pb.h">
      <Filter>Command\proto\rec\widget\tree</Filter>
    </ClInclude>
    <ClInclude Include="..\..\..\..\genfiles\proto\rec\widget\waveform\Cursor.pb.h">
      <Filter>Command\proto\rec\widget\waveform</Filter>
    </ClInclude>
    <ClInclude Include="..\..\..\..\genfiles\proto\rec\widget\waveform\Waveform.pb.h">
      <Filter>Command\proto\rec\widget\waveform</Filter>
    </ClInclude>
    <ClInclude Include="..\..\..\..\genfiles\proto\rec\widget\waveform\Zoom.pb.h">
      <Filter>Command\proto\rec\widget\waveform</Filter>
    </ClInclude>
    <ClInclude Include="..\..\..\..\genfiles\proto\rec\widget\Widget.pb.h">
      <Filter>Command\proto\rec\widget</Filter>
    </ClInclude>
    <ClInclude Include="..\..\JuceLibraryCode\AppConfig.h">
      <Filter>Juce Library Code</Filter>
    </ClInclude>
    <ClInclude Include="..\..\JuceLibraryCode\JuceHeader.h">
      <Filter>Juce Library Code</Filter>
    </ClInclude>
  </ItemGroup>
</Project>
