Microsoft Visual Studio Solution File, Format Version 11.00
# Visual Studio 2010
Project("{E3FA4BAA-AA57-DC0A-F08D-B594821DC22C}") = "RequestSupport", "RequestSupport.vcxproj", "{05F5E4BA-7B8C-D94E-89EB-AB58035AD98B}"
EndProject
Global
	GlobalSection(SolutionConfigurationPlatforms) = preSolution
		Debug|Win32 = Debug|Win32
		Release|Win32 = Release|Win32
	EndGlobalSection
	GlobalSection(ProjectConfigurationPlatforms) = postSolution
		{05F5E4BA-7B8C-D94E-89EB-AB58035AD98B}.Debug|Win32.ActiveCfg = Debug|Win32
		{05F5E4BA-7B8C-D94E-89EB-AB58035AD98B}.Debug|Win32.Build.0 = Debug|Win32
		{05F5E4BA-7B8C-D94E-89EB-AB58035AD98B}.Release|Win32.ActiveCfg = Release|Win32
		{05F5E4BA-7B8C-D94E-89EB-AB58035AD98B}.Release|Win32.Build.0 = Release|Win32
	EndGlobalSection
	GlobalSection(SolutionProperties) = preSolution
		HideSolutionNode = FALSE
	EndGlobalSection
EndGlobal
